// !$*UTF8*$!
{
	archiveVersion = 1;
	classes = {
	};
	objectVersion = 46;
	objects = {

/* Begin PBXBuildFile section */
		0DBB04B397DD27AB40F27319 /* Kiwi.framework in Frameworks */ = {isa = PBXBuildFile; fileRef = 6755466563D567566E9E4570 /* Kiwi.framework */; };
		0DD1B305E812F27F0E175666 /* JMPathSocket.m in Sources */ = {isa = PBXBuildFile; fileRef = 84153A5712D3F701775BE1C9 /* JMPathSocket.m */; };
		0FCC87B974AA3A906FE8F8B5 /* JMUSBDeviceManager.h in Headers */ = {isa = PBXBuildFile; fileRef = ADA9A2A8F291A1A35B2B77F2 /* JMUSBDeviceManager.h */; settings = {ATTRIBUTES = (Public, ); }; };
		17138893C6D4E2BF8E498787 /* JMMobileDevicePort.h in Headers */ = {isa = PBXBuildFile; fileRef = F37B740FDDB531BD70CECD23 /* JMMobileDevicePort.h */; settings = {ATTRIBUTES = (Public, ); }; };
		173DA0DE9C2A5B25B565D15E /* JMNativeSocket.h in Headers */ = {isa = PBXBuildFile; fileRef = 5170D816997F5AD7BBA8F770 /* JMNativeSocket.h */; settings = {ATTRIBUTES = (Private, ); }; };
		1D670C2FF771EC5322BE790B /* JMUSBMuxDecoder.h in Headers */ = {isa = PBXBuildFile; fileRef = 3414A563979887128C224E4A /* JMUSBMuxDecoder.h */; settings = {ATTRIBUTES = (Private, ); }; };
		24A48FD1DA095247D796BA32 /* JMUSBDeviceConnection.m in Sources */ = {isa = PBXBuildFile; fileRef = B9705E71E2BC5398211821A7 /* JMUSBDeviceConnection.m */; };
		294DBCD2CB4A908575BA9BEB /* JMSocketConnection.m in Sources */ = {isa = PBXBuildFile; fileRef = CF0AA541E7D7A4AC6E99F8D2 /* JMSocketConnection.m */; };
		316FFED99B04C7941F0F2562 /* NSData+Immutable.h in Headers */ = {isa = PBXBuildFile; fileRef = 27AB9B66DC728DBABD95877A /* NSData+Immutable.h */; settings = {ATTRIBUTES = (Private, ); }; };
		325CCBCD87093F34AFEB4EA2 /* JMSocketConnection.h in Headers */ = {isa = PBXBuildFile; fileRef = 9D8CB1E82E5F071F6ACDFC91 /* JMSocketConnection.h */; settings = {ATTRIBUTES = (Private, ); }; };
		33090F995D9F8A76452DAE9C /* JMNativeSocket.h in Headers */ = {isa = PBXBuildFile; fileRef = 5170D816997F5AD7BBA8F770 /* JMNativeSocket.h */; settings = {ATTRIBUTES = (Private, ); }; };
		335DE90B69904326681B9DBE /* NSData+Immutable.m in Headers */ = {isa = PBXBuildFile; fileRef = 60F2824FA7EB4FD6399A33EE /* NSData+Immutable.m */; settings = {ATTRIBUTES = (Private, ); }; };
		34459B3011A79B1CD8CCB242 /* JMDeviceConnection.m in Sources */ = {isa = PBXBuildFile; fileRef = 0E9758579DB2F84452D9C3B2 /* JMDeviceConnection.m */; };
		34A9FBC2457F7F09CCED638B /* JMDecodedTaggedPackets.h in Headers */ = {isa = PBXBuildFile; fileRef = D939ABFE73392FE0C2A5BE46 /* JMDecodedTaggedPackets.h */; settings = {ATTRIBUTES = (Public, ); }; };
		374DB517178FF843932ED536 /* JMTaggedPacket.m in Sources */ = {isa = PBXBuildFile; fileRef = 2283D4EEC1F5A8C309E95CC4 /* JMTaggedPacket.m */; };
		39940C567C73DADE26A8E7B0 /* JMUSBDeviceManager.m in Sources */ = {isa = PBXBuildFile; fileRef = 7DB277648D611F11636A7190 /* JMUSBDeviceManager.m */; };
		3AA2C171469105DBD045C6FB /* JMTaggedPacket.h in Headers */ = {isa = PBXBuildFile; fileRef = 847F549AEDA4AFC7D45CFC81 /* JMTaggedPacket.h */; settings = {ATTRIBUTES = (Public, ); }; };
		3C303AD93E5EF6415DBD9C8C /* JMTaggedPacket.m in Sources */ = {isa = PBXBuildFile; fileRef = 2283D4EEC1F5A8C309E95CC4 /* JMTaggedPacket.m */; };
		3D06D08EABC439D6D184D49D /* JMMobileDevicePort.h in Headers */ = {isa = PBXBuildFile; fileRef = F37B740FDDB531BD70CECD23 /* JMMobileDevicePort.h */; settings = {ATTRIBUTES = (Public, ); }; };
		3E63C1C10BD94B6B4399F002 /* JMMobileDevicePort.m in Sources */ = {isa = PBXBuildFile; fileRef = CBB8826E46AA55CE780FD780 /* JMMobileDevicePort.m */; };
		41D17CF6704F7DD7502ED7CA /* JMDeviceConnectionTests.m in Sources */ = {isa = PBXBuildFile; fileRef = 0930516D71B624DD4D49B824 /* JMDeviceConnectionTests.m */; };
		4229835BA9BA7C5C6245F2C0 /* JMDeviceConnection.h in Headers */ = {isa = PBXBuildFile; fileRef = 000C0404C7A3F7088D29A88D /* JMDeviceConnection.h */; settings = {ATTRIBUTES = (Public, ); }; };
		4A61B6537512CE0E40B91721 /* JMSocket.h in Headers */ = {isa = PBXBuildFile; fileRef = 30B0C19E77A8E213E346B04C /* JMSocket.h */; settings = {ATTRIBUTES = (Private, ); }; };
		5113E19CFBA3E70BD89AC035 /* Cocoa.framework in Frameworks */ = {isa = PBXBuildFile; fileRef = BF9409C26ACB2A4452E60FC5 /* Cocoa.framework */; };
		5231C8202EBA877B37893556 /* JMSocket.h in Headers */ = {isa = PBXBuildFile; fileRef = 30B0C19E77A8E213E346B04C /* JMSocket.h */; settings = {ATTRIBUTES = (Private, ); }; };
		539C61B93D05D78BB86B470E /* JMDecodedTaggedPackets.h in Headers */ = {isa = PBXBuildFile; fileRef = D939ABFE73392FE0C2A5BE46 /* JMDecodedTaggedPackets.h */; settings = {ATTRIBUTES = (Public, ); }; };
		5799284BA68388C5CF975467 /* JMTaggedPacket.m in Sources */ = {isa = PBXBuildFile; fileRef = 2283D4EEC1F5A8C309E95CC4 /* JMTaggedPacket.m */; };
		5DB0F3716D62228A0C5AE7DF /* JMHostSocket.h in Headers */ = {isa = PBXBuildFile; fileRef = 6B67C29FD1FA1E50914DB679 /* JMHostSocket.h */; settings = {ATTRIBUTES = (Private, ); }; };
		6244880411F372075E38C3F9 /* JMUSBDeviceConnectionTests.m in Sources */ = {isa = PBXBuildFile; fileRef = 18CAB431E33F33AC4D32F746 /* JMUSBDeviceConnectionTests.m */; };
		6BCB0A0BC5082340C53A6823 /* JMPathSocket.m in Sources */ = {isa = PBXBuildFile; fileRef = 84153A5712D3F701775BE1C9 /* JMPathSocket.m */; };
		6CB3DC9DB42FA93B3EBA1519 /* NSData+Immutable.m in Headers */ = {isa = PBXBuildFile; fileRef = 60F2824FA7EB4FD6399A33EE /* NSData+Immutable.m */; settings = {ATTRIBUTES = (Private, ); }; };
		6FC993F3AD3B8D14DCAB161E /* JMNativeSocketTests.m in Sources */ = {isa = PBXBuildFile; fileRef = 892832031B51AB5FEF87B160 /* JMNativeSocketTests.m */; };
		719996A674556F9DB4492957 /* JMUSBMuxEncoder.m in Sources */ = {isa = PBXBuildFile; fileRef = 8450E62F98D59F18B8616B54 /* JMUSBMuxEncoder.m */; };
		7273C6A9C18A38CFABD4BD15 /* NSData+Immutable.h in Headers */ = {isa = PBXBuildFile; fileRef = 27AB9B66DC728DBABD95877A /* NSData+Immutable.h */; settings = {ATTRIBUTES = (Private, ); }; };
		7441D9C7D6581275EB60DC40 /* NSData+Immutable.m in Sources */ = {isa = PBXBuildFile; fileRef = 60F2824FA7EB4FD6399A33EE /* NSData+Immutable.m */; };
		7452401F5D05FB95E757FC31 /* Foundation.framework in Frameworks */ = {isa = PBXBuildFile; fileRef = 6A8BBCF5C8C5B3527E6C7D27 /* Foundation.framework */; };
		775FF0BCD0FC9C2A0A169C4E /* JMPathSocket.m in Sources */ = {isa = PBXBuildFile; fileRef = 84153A5712D3F701775BE1C9 /* JMPathSocket.m */; };
		7AA4C13DF5B5A68CE3C84E63 /* JMPathSocket.h in Headers */ = {isa = PBXBuildFile; fileRef = FA677BEA5B448A4AD64B4C2E /* JMPathSocket.h */; settings = {ATTRIBUTES = (Private, ); }; };
		7AC44EEE18A92818738D89F5 /* JMUSBMuxEncoderTests.m in Sources */ = {isa = PBXBuildFile; fileRef = D06F8F618C974E225A38AF3E /* JMUSBMuxEncoderTests.m */; };
		7C25F272F23392B07E127946 /* JMHostSocket.m in Sources */ = {isa = PBXBuildFile; fileRef = 0A1525C3681D22CD7A9A2DB5 /* JMHostSocket.m */; };
		7E4B65FF9B316F7170B5B012 /* JMUSBMuxDecoderTests.m in Sources */ = {isa = PBXBuildFile; fileRef = C331BF051D70C10C202F7C82 /* JMUSBMuxDecoderTests.m */; };
		7FBE9A19CE0393EEA2047C11 /* JMNativeSocket.m in Sources */ = {isa = PBXBuildFile; fileRef = 53CDAFA881E0EF155DC746F2 /* JMNativeSocket.m */; };
		835DC32250F18020B5DAE025 /* Kiwi.framework in CopyFiles */ = {isa = PBXBuildFile; fileRef = 6755466563D567566E9E4570 /* Kiwi.framework */; settings = {ATTRIBUTES = (CodeSignOnCopy, ); }; };
		8367D869745789ED482D245A /* JMDecodedTaggedPackets.m in Sources */ = {isa = PBXBuildFile; fileRef = 5B0C82CBBEA034D3D755CB52 /* JMDecodedTaggedPackets.m */; };
		85C4EAE349E4E2C2634F9329 /* JMHostSocket.m in Sources */ = {isa = PBXBuildFile; fileRef = 0A1525C3681D22CD7A9A2DB5 /* JMHostSocket.m */; };
		866A47D00DBE45DB5EF55313 /* JMSocketConnectionTests.m in Sources */ = {isa = PBXBuildFile; fileRef = 8E6B92FB0784190E6864F747 /* JMSocketConnectionTests.m */; };
		8A15A7A623396B2E8CCA72E8 /* JMHostSocket.m in Sources */ = {isa = PBXBuildFile; fileRef = 0A1525C3681D22CD7A9A2DB5 /* JMHostSocket.m */; };
		8A5D4C211DC8D850F219AAF8 /* NSData+Immutable.m in Sources */ = {isa = PBXBuildFile; fileRef = 60F2824FA7EB4FD6399A33EE /* NSData+Immutable.m */; };
		8BC515537D8319CCDC1BE5C5 /* JMMobileDevicePort.m in Sources */ = {isa = PBXBuildFile; fileRef = CBB8826E46AA55CE780FD780 /* JMMobileDevicePort.m */; };
		8BD6E404B8F4D93E4A85D474 /* JMTaggedPacket.h in Headers */ = {isa = PBXBuildFile; fileRef = 847F549AEDA4AFC7D45CFC81 /* JMTaggedPacket.h */; settings = {ATTRIBUTES = (Public, ); }; };
		8E66F284C9C08D80E2F9E1F6 /* JMPathSocketTests.m in Sources */ = {isa = PBXBuildFile; fileRef = 270D16E93BEDD11EB88B7F9B /* JMPathSocketTests.m */; };
		8F808F4A55834C11CAB332D4 /* JMSocketConnection.h in Headers */ = {isa = PBXBuildFile; fileRef = 9D8CB1E82E5F071F6ACDFC91 /* JMSocketConnection.h */; settings = {ATTRIBUTES = (Private, ); }; };
		90C2F1E4BC6B10D58ACE307E /* JMHostSocket.h in Headers */ = {isa = PBXBuildFile; fileRef = 6B67C29FD1FA1E50914DB679 /* JMHostSocket.h */; settings = {ATTRIBUTES = (Private, ); }; };
		957D11C93C4334FE27392B13 /* JMDecodedTaggedPackets.m in Sources */ = {isa = PBXBuildFile; fileRef = 5B0C82CBBEA034D3D755CB52 /* JMDecodedTaggedPackets.m */; };
		9AB2D7046DB9A8AE68D2F1AE /* NSData+Immutable.m in Sources */ = {isa = PBXBuildFile; fileRef = 60F2824FA7EB4FD6399A33EE /* NSData+Immutable.m */; };
		9B0D94BF88813492089FC2C8 /* JMHostSocket.h in Headers */ = {isa = PBXBuildFile; fileRef = 6B67C29FD1FA1E50914DB679 /* JMHostSocket.h */; settings = {ATTRIBUTES = (Private, ); }; };
		9CD304B033371985AE380B20 /* JMSimulatorConnectionTests.m in Sources */ = {isa = PBXBuildFile; fileRef = 90C710DAA48F5469A61FC2F6 /* JMSimulatorConnectionTests.m */; };
		9E141FB528FBA3101D29ABE7 /* JMSocketConnection.m in Sources */ = {isa = PBXBuildFile; fileRef = CF0AA541E7D7A4AC6E99F8D2 /* JMSocketConnection.m */; };
		9E2228081D554BD0BE800A43 /* DarkLightning.h in Headers */ = {isa = PBXBuildFile; fileRef = CDD2874475E0000D3F90A489 /* DarkLightning.h */; settings = {ATTRIBUTES = (Public, ); }; };
		A0553DE2EF6C7C18B923EAC0 /* JMSimulatorConnection.m in Sources */ = {isa = PBXBuildFile; fileRef = 85793A60B12ECA3B77677417 /* JMSimulatorConnection.m */; };
		A4074252C731D79A04E17BDB /* JMSocketConnection.m in Sources */ = {isa = PBXBuildFile; fileRef = CF0AA541E7D7A4AC6E99F8D2 /* JMSocketConnection.m */; };
		A6DB13B2FF5E67FDC13A3025 /* JMSimulatorConnection.h in Headers */ = {isa = PBXBuildFile; fileRef = 1BD9FECC0E5AC155411924BC /* JMSimulatorConnection.h */; settings = {ATTRIBUTES = (Public, ); }; };
		A751A5C131A4249909A2348F /* JMDecodedTaggedPackets.h in Headers */ = {isa = PBXBuildFile; fileRef = D939ABFE73392FE0C2A5BE46 /* JMDecodedTaggedPackets.h */; settings = {ATTRIBUTES = (Public, ); }; };
		AC63DE91A880D72AFDD446D2 /* JMHostSocketTests.m in Sources */ = {isa = PBXBuildFile; fileRef = 4C48E19F4C17BE6669DE5437 /* JMHostSocketTests.m */; };
		AFD530B5450094ECF90EB3EB /* JMUSBDeviceConnection.h in Headers */ = {isa = PBXBuildFile; fileRef = 35B3BB140A8F60F19287E6A8 /* JMUSBDeviceConnection.h */; settings = {ATTRIBUTES = (Public, ); }; };
		B46A47611D69B551009CE4C6 /* JMUSBMuxPacket.h in Headers */ = {isa = PBXBuildFile; fileRef = B46A475F1D69B551009CE4C6 /* JMUSBMuxPacket.h */; };
		B46A47621D69B551009CE4C6 /* JMUSBMuxPacket.m in Sources */ = {isa = PBXBuildFile; fileRef = B46A47601D69B551009CE4C6 /* JMUSBMuxPacket.m */; };
		B46A47651D69B562009CE4C6 /* JMUSBMuxPacketHeader.h in Headers */ = {isa = PBXBuildFile; fileRef = B46A47631D69B562009CE4C6 /* JMUSBMuxPacketHeader.h */; };
		B46A47661D69B562009CE4C6 /* JMUSBMuxPacketHeader.m in Sources */ = {isa = PBXBuildFile; fileRef = B46A47641D69B562009CE4C6 /* JMUSBMuxPacketHeader.m */; };
		B68560167183CD5F1E8EA766 /* NSData+Immutable.m in Headers */ = {isa = PBXBuildFile; fileRef = 60F2824FA7EB4FD6399A33EE /* NSData+Immutable.m */; settings = {ATTRIBUTES = (Private, ); }; };
		B8E56D86D129655BADEF66D6 /* JMDecodedTaggedPackets.m in Sources */ = {isa = PBXBuildFile; fileRef = 5B0C82CBBEA034D3D755CB52 /* JMDecodedTaggedPackets.m */; };
		BE90F1373F005C4AAC145E38 /* NSData+Immutable.h in Headers */ = {isa = PBXBuildFile; fileRef = 27AB9B66DC728DBABD95877A /* NSData+Immutable.h */; settings = {ATTRIBUTES = (Private, ); }; };
		C1BD108439164A9C7287CD82 /* JMPathSocket.h in Headers */ = {isa = PBXBuildFile; fileRef = FA677BEA5B448A4AD64B4C2E /* JMPathSocket.h */; settings = {ATTRIBUTES = (Private, ); }; };
		C654413AC8F324F9BD9960E8 /* DarkLightning.h in Headers */ = {isa = PBXBuildFile; fileRef = A5B69A687A0DD5C8ECFE5094 /* DarkLightning.h */; settings = {ATTRIBUTES = (Public, ); }; };
		C8A907CE3D39E4E4778E283D /* JMSocket.h in Headers */ = {isa = PBXBuildFile; fileRef = 30B0C19E77A8E213E346B04C /* JMSocket.h */; settings = {ATTRIBUTES = (Private, ); }; };
		CB5C50DB4432E0E482672D88 /* JMPathSocket.h in Headers */ = {isa = PBXBuildFile; fileRef = FA677BEA5B448A4AD64B4C2E /* JMPathSocket.h */; settings = {ATTRIBUTES = (Private, ); }; };
		D3FCC18444A0D9E4A15F24CD /* JMSocketMock.m in Sources */ = {isa = PBXBuildFile; fileRef = CF20017A7C2290FDA535D03C /* JMSocketMock.m */; };
		D68AAA2E2C57CC5304DAE55F /* JMNativeSocket.h in Headers */ = {isa = PBXBuildFile; fileRef = 5170D816997F5AD7BBA8F770 /* JMNativeSocket.h */; settings = {ATTRIBUTES = (Private, ); }; };
		DAA1BEF3067B40AE54885B92 /* JMUSBDevice.m in Sources */ = {isa = PBXBuildFile; fileRef = F1AD143071C1BB0B99C69DD5 /* JMUSBDevice.m */; };
		DCF8DD9CAB96FC8BED8BB916 /* JMUSBDeviceTests.m in Sources */ = {isa = PBXBuildFile; fileRef = B91168D20822C35E57B85B54 /* JMUSBDeviceTests.m */; };
		DD277B7177638E6F0E672F0A /* JMUSBMuxDecoder.m in Sources */ = {isa = PBXBuildFile; fileRef = F32E4F06CF677350040A6268 /* JMUSBMuxDecoder.m */; };
		EA9A3BD376ECFA2AA36307A5 /* DarkLightning.h in Headers */ = {isa = PBXBuildFile; fileRef = CA3AE96CEAC4C1B3C851D5FB /* DarkLightning.h */; settings = {ATTRIBUTES = (Public, ); }; };
		EBF61D4AB1A6F761AEFC589E /* JMNativeSocket.m in Sources */ = {isa = PBXBuildFile; fileRef = 53CDAFA881E0EF155DC746F2 /* JMNativeSocket.m */; };
		F12B8073BA78718B7DD17A5B /* JMTaggedPacket.h in Headers */ = {isa = PBXBuildFile; fileRef = 847F549AEDA4AFC7D45CFC81 /* JMTaggedPacket.h */; settings = {ATTRIBUTES = (Public, ); }; };
		F2673536317E66E5AE903D84 /* JMNativeSocket.m in Sources */ = {isa = PBXBuildFile; fileRef = 53CDAFA881E0EF155DC746F2 /* JMNativeSocket.m */; };
		F370BEF949F48E64072DC365 /* JMUSBDevice.h in Headers */ = {isa = PBXBuildFile; fileRef = 9755A6972DB5E662587868EE /* JMUSBDevice.h */; settings = {ATTRIBUTES = (Public, ); }; };
		F955C740F9BB50D7A635BA90 /* JMUSBMuxEncoder.h in Headers */ = {isa = PBXBuildFile; fileRef = 59B1C7AC1F0B6603CF4B9606 /* JMUSBMuxEncoder.h */; settings = {ATTRIBUTES = (Private, ); }; };
		FA22CD4187DBF27ADFDE863F /* JMUSBMuxPacketFactory.m in Sources */ = {isa = PBXBuildFile; fileRef = F09494FA7F15378EFADECD94 /* JMUSBMuxPacketFactory.m */; };
		FA4ACE3E65ACDC81D3AF7108 /* JMSocketConnection.h in Headers */ = {isa = PBXBuildFile; fileRef = 9D8CB1E82E5F071F6ACDFC91 /* JMSocketConnection.h */; settings = {ATTRIBUTES = (Private, ); }; };
		FF57FF4A5D2B123F1E7DE68F /* Foundation.framework in Frameworks */ = {isa = PBXBuildFile; fileRef = E8609AD362D6E94241C28C9A /* Foundation.framework */; };
/* End PBXBuildFile section */

/* Begin PBXContainerItemProxy section */
		F2964D54E424828F7E497CB8 /* PBXContainerItemProxy */ = {
			isa = PBXContainerItemProxy;
			containerPortal = B79546F31B2284BCF6D5FDD6 /* Project object */;
			proxyType = 1;
			remoteGlobalIDString = 5115057F25EB708D85015632;
			remoteInfo = OSX;
		};
/* End PBXContainerItemProxy section */

/* Begin PBXCopyFilesBuildPhase section */
		FD2713EE072B6DC6334532B9 /* CopyFiles */ = {
			isa = PBXCopyFilesBuildPhase;
			buildActionMask = 2147483647;
			dstPath = "";
			dstSubfolderSpec = 10;
			files = (
				835DC32250F18020B5DAE025 /* Kiwi.framework in CopyFiles */,
			);
			runOnlyForDeploymentPostprocessing = 0;
		};
/* End PBXCopyFilesBuildPhase section */

/* Begin PBXFileReference section */
		000C0404C7A3F7088D29A88D /* JMDeviceConnection.h */ = {isa = PBXFileReference; includeInIndex = 1; lastKnownFileType = sourcecode.c.h; path = JMDeviceConnection.h; sourceTree = "<group>"; };
		0930516D71B624DD4D49B824 /* JMDeviceConnectionTests.m */ = {isa = PBXFileReference; includeInIndex = 1; lastKnownFileType = sourcecode.c.objc; path = JMDeviceConnectionTests.m; sourceTree = "<group>"; };
		0A1525C3681D22CD7A9A2DB5 /* JMHostSocket.m */ = {isa = PBXFileReference; includeInIndex = 1; lastKnownFileType = sourcecode.c.objc; path = JMHostSocket.m; sourceTree = "<group>"; };
		0E9758579DB2F84452D9C3B2 /* JMDeviceConnection.m */ = {isa = PBXFileReference; includeInIndex = 1; lastKnownFileType = sourcecode.c.objc; path = JMDeviceConnection.m; sourceTree = "<group>"; };
		148668C5865BE49375CE7E85 /* JMUSBMuxPacketFactory.h */ = {isa = PBXFileReference; includeInIndex = 1; lastKnownFileType = sourcecode.c.h; path = JMUSBMuxPacketFactory.h; sourceTree = "<group>"; };
		18CAB431E33F33AC4D32F746 /* JMUSBDeviceConnectionTests.m */ = {isa = PBXFileReference; includeInIndex = 1; lastKnownFileType = sourcecode.c.objc; path = JMUSBDeviceConnectionTests.m; sourceTree = "<group>"; };
		1AE1F370810B2812B28DC862 /* tvOS.xcconfig */ = {isa = PBXFileReference; includeInIndex = 1; lastKnownFileType = text.xcconfig; path = tvOS.xcconfig; sourceTree = "<group>"; };
		1BD9FECC0E5AC155411924BC /* JMSimulatorConnection.h */ = {isa = PBXFileReference; includeInIndex = 1; lastKnownFileType = sourcecode.c.h; path = JMSimulatorConnection.h; sourceTree = "<group>"; };
		2283D4EEC1F5A8C309E95CC4 /* JMTaggedPacket.m */ = {isa = PBXFileReference; includeInIndex = 1; lastKnownFileType = sourcecode.c.objc; path = JMTaggedPacket.m; sourceTree = "<group>"; };
		22AB82121DD58C69D05798BD /* OSX.xcconfig */ = {isa = PBXFileReference; includeInIndex = 1; lastKnownFileType = text.xcconfig; path = OSX.xcconfig; sourceTree = "<group>"; };
		23F5D101027284C1AF61C5F3 /* tvOS-release.xcconfig */ = {isa = PBXFileReference; includeInIndex = 1; lastKnownFileType = text.xcconfig; path = "tvOS-release.xcconfig"; sourceTree = "<group>"; };
		270D16E93BEDD11EB88B7F9B /* JMPathSocketTests.m */ = {isa = PBXFileReference; includeInIndex = 1; lastKnownFileType = sourcecode.c.objc; path = JMPathSocketTests.m; sourceTree = "<group>"; };
		27AB9B66DC728DBABD95877A /* NSData+Immutable.h */ = {isa = PBXFileReference; includeInIndex = 1; lastKnownFileType = sourcecode.c.h; path = "NSData+Immutable.h"; sourceTree = "<group>"; };
		2AEE426046F4352189DDB1BB /* DarkLightning.framework */ = {isa = PBXFileReference; explicitFileType = wrapper.framework; includeInIndex = 0; path = DarkLightning.framework; sourceTree = BUILT_PRODUCTS_DIR; };
		30B0C19E77A8E213E346B04C /* JMSocket.h */ = {isa = PBXFileReference; includeInIndex = 1; lastKnownFileType = sourcecode.c.h; path = JMSocket.h; sourceTree = "<group>"; };
		3320936677979122F07435C5 /* iOS-release.xcconfig */ = {isa = PBXFileReference; includeInIndex = 1; lastKnownFileType = text.xcconfig; path = "iOS-release.xcconfig"; sourceTree = "<group>"; };
		3414A563979887128C224E4A /* JMUSBMuxDecoder.h */ = {isa = PBXFileReference; includeInIndex = 1; lastKnownFileType = sourcecode.c.h; path = JMUSBMuxDecoder.h; sourceTree = "<group>"; };
		35B3BB140A8F60F19287E6A8 /* JMUSBDeviceConnection.h */ = {isa = PBXFileReference; includeInIndex = 1; lastKnownFileType = sourcecode.c.h; path = JMUSBDeviceConnection.h; sourceTree = "<group>"; };
		4B545EA8A55775F5A531F3F9 /* OSXTests-release.xcconfig */ = {isa = PBXFileReference; includeInIndex = 1; lastKnownFileType = text.xcconfig; path = "OSXTests-release.xcconfig"; sourceTree = "<group>"; };
		4C48E19F4C17BE6669DE5437 /* JMHostSocketTests.m */ = {isa = PBXFileReference; includeInIndex = 1; lastKnownFileType = sourcecode.c.objc; path = JMHostSocketTests.m; sourceTree = "<group>"; };
		5170D816997F5AD7BBA8F770 /* JMNativeSocket.h */ = {isa = PBXFileReference; includeInIndex = 1; lastKnownFileType = sourcecode.c.h; path = JMNativeSocket.h; sourceTree = "<group>"; };
		53CDAFA881E0EF155DC746F2 /* JMNativeSocket.m */ = {isa = PBXFileReference; includeInIndex = 1; lastKnownFileType = sourcecode.c.objc; path = JMNativeSocket.m; sourceTree = "<group>"; };
		549F87390D8D9C7FE4B59986 /* Info.plist */ = {isa = PBXFileReference; includeInIndex = 1; lastKnownFileType = text.plist.xml; path = Info.plist; sourceTree = "<group>"; };
		569524F0AD012EBA281696B7 /* OSX-debug.xcconfig */ = {isa = PBXFileReference; includeInIndex = 1; lastKnownFileType = text.xcconfig; path = "OSX-debug.xcconfig"; sourceTree = "<group>"; };
		59B1C7AC1F0B6603CF4B9606 /* JMUSBMuxEncoder.h */ = {isa = PBXFileReference; includeInIndex = 1; lastKnownFileType = sourcecode.c.h; path = JMUSBMuxEncoder.h; sourceTree = "<group>"; };
		5B0C82CBBEA034D3D755CB52 /* JMDecodedTaggedPackets.m */ = {isa = PBXFileReference; includeInIndex = 1; lastKnownFileType = sourcecode.c.objc; path = JMDecodedTaggedPackets.m; sourceTree = "<group>"; };
		60F2824FA7EB4FD6399A33EE /* NSData+Immutable.m */ = {isa = PBXFileReference; includeInIndex = 1; lastKnownFileType = sourcecode.c.objc; path = "NSData+Immutable.m"; sourceTree = "<group>"; };
		6129013DB594CA7DA767876D /* release.xcconfig */ = {isa = PBXFileReference; includeInIndex = 1; lastKnownFileType = text.xcconfig; path = release.xcconfig; sourceTree = "<group>"; };
		6755466563D567566E9E4570 /* Kiwi.framework */ = {isa = PBXFileReference; lastKnownFileType = wrapper.framework; path = Kiwi.framework; sourceTree = "<group>"; };
		6A8BBCF5C8C5B3527E6C7D27 /* Foundation.framework */ = {isa = PBXFileReference; lastKnownFileType = wrapper.framework; name = Foundation.framework; path = Platforms/iPhoneOS.platform/Developer/SDKs/iPhoneOS9.2.sdk/System/Library/Frameworks/Foundation.framework; sourceTree = DEVELOPER_DIR; };
		6B67C29FD1FA1E50914DB679 /* JMHostSocket.h */ = {isa = PBXFileReference; includeInIndex = 1; lastKnownFileType = sourcecode.c.h; path = JMHostSocket.h; sourceTree = "<group>"; };
		7921015D78A69AADE6EA8E0B /* DarkLightning.framework */ = {isa = PBXFileReference; explicitFileType = wrapper.framework; includeInIndex = 0; path = DarkLightning.framework; sourceTree = BUILT_PRODUCTS_DIR; };
		7DB277648D611F11636A7190 /* JMUSBDeviceManager.m */ = {isa = PBXFileReference; includeInIndex = 1; lastKnownFileType = sourcecode.c.objc; path = JMUSBDeviceManager.m; sourceTree = "<group>"; };
		7DF1813481B622FB1403CB3B /* OSXTests.xcconfig */ = {isa = PBXFileReference; includeInIndex = 1; lastKnownFileType = text.xcconfig; path = OSXTests.xcconfig; sourceTree = "<group>"; };
		81BEFEC87C21A8BD42FCEBE2 /* iOS.xcconfig */ = {isa = PBXFileReference; includeInIndex = 1; lastKnownFileType = text.xcconfig; path = iOS.xcconfig; sourceTree = "<group>"; };
		84153A5712D3F701775BE1C9 /* JMPathSocket.m */ = {isa = PBXFileReference; includeInIndex = 1; lastKnownFileType = sourcecode.c.objc; path = JMPathSocket.m; sourceTree = "<group>"; };
		8450E62F98D59F18B8616B54 /* JMUSBMuxEncoder.m */ = {isa = PBXFileReference; includeInIndex = 1; lastKnownFileType = sourcecode.c.objc; path = JMUSBMuxEncoder.m; sourceTree = "<group>"; };
		847F549AEDA4AFC7D45CFC81 /* JMTaggedPacket.h */ = {isa = PBXFileReference; includeInIndex = 1; lastKnownFileType = sourcecode.c.h; path = JMTaggedPacket.h; sourceTree = "<group>"; };
		85793A60B12ECA3B77677417 /* JMSimulatorConnection.m */ = {isa = PBXFileReference; includeInIndex = 1; lastKnownFileType = sourcecode.c.objc; path = JMSimulatorConnection.m; sourceTree = "<group>"; };
		892832031B51AB5FEF87B160 /* JMNativeSocketTests.m */ = {isa = PBXFileReference; includeInIndex = 1; lastKnownFileType = sourcecode.c.objc; path = JMNativeSocketTests.m; sourceTree = "<group>"; };
		8E6B92FB0784190E6864F747 /* JMSocketConnectionTests.m */ = {isa = PBXFileReference; includeInIndex = 1; lastKnownFileType = sourcecode.c.objc; path = JMSocketConnectionTests.m; sourceTree = "<group>"; };
		8FBB241F6E93D3A21256F5B4 /* Info.plist */ = {isa = PBXFileReference; includeInIndex = 1; lastKnownFileType = text.plist.xml; path = Info.plist; sourceTree = "<group>"; };
		90C710DAA48F5469A61FC2F6 /* JMSimulatorConnectionTests.m */ = {isa = PBXFileReference; includeInIndex = 1; lastKnownFileType = sourcecode.c.objc; path = JMSimulatorConnectionTests.m; sourceTree = "<group>"; };
		9704276CA78BD564D469A5C9 /* OSXTests-debug.xcconfig */ = {isa = PBXFileReference; includeInIndex = 1; lastKnownFileType = text.xcconfig; path = "OSXTests-debug.xcconfig"; sourceTree = "<group>"; };
		9755A6972DB5E662587868EE /* JMUSBDevice.h */ = {isa = PBXFileReference; includeInIndex = 1; lastKnownFileType = sourcecode.c.h; path = JMUSBDevice.h; sourceTree = "<group>"; };
		9D8CB1E82E5F071F6ACDFC91 /* JMSocketConnection.h */ = {isa = PBXFileReference; includeInIndex = 1; lastKnownFileType = sourcecode.c.h; path = JMSocketConnection.h; sourceTree = "<group>"; };
		A5B69A687A0DD5C8ECFE5094 /* DarkLightning.h */ = {isa = PBXFileReference; includeInIndex = 1; lastKnownFileType = sourcecode.c.h; path = DarkLightning.h; sourceTree = "<group>"; };
		ADA9A2A8F291A1A35B2B77F2 /* JMUSBDeviceManager.h */ = {isa = PBXFileReference; includeInIndex = 1; lastKnownFileType = sourcecode.c.h; path = JMUSBDeviceManager.h; sourceTree = "<group>"; };
		B46A475F1D69B551009CE4C6 /* JMUSBMuxPacket.h */ = {isa = PBXFileReference; fileEncoding = 4; lastKnownFileType = sourcecode.c.h; path = JMUSBMuxPacket.h; sourceTree = "<group>"; };
		B46A47601D69B551009CE4C6 /* JMUSBMuxPacket.m */ = {isa = PBXFileReference; fileEncoding = 4; lastKnownFileType = sourcecode.c.objc; path = JMUSBMuxPacket.m; sourceTree = "<group>"; };
		B46A47631D69B562009CE4C6 /* JMUSBMuxPacketHeader.h */ = {isa = PBXFileReference; fileEncoding = 4; lastKnownFileType = sourcecode.c.h; path = JMUSBMuxPacketHeader.h; sourceTree = "<group>"; };
		B46A47641D69B562009CE4C6 /* JMUSBMuxPacketHeader.m */ = {isa = PBXFileReference; fileEncoding = 4; lastKnownFileType = sourcecode.c.objc; path = JMUSBMuxPacketHeader.m; sourceTree = "<group>"; };
		B741FC1BAE1D4C24DAF56FAB /* JMSocketMock.h */ = {isa = PBXFileReference; includeInIndex = 1; lastKnownFileType = sourcecode.c.h; path = JMSocketMock.h; sourceTree = "<group>"; };
		B91168D20822C35E57B85B54 /* JMUSBDeviceTests.m */ = {isa = PBXFileReference; includeInIndex = 1; lastKnownFileType = sourcecode.c.objc; path = JMUSBDeviceTests.m; sourceTree = "<group>"; };
		B9705E71E2BC5398211821A7 /* JMUSBDeviceConnection.m */ = {isa = PBXFileReference; includeInIndex = 1; lastKnownFileType = sourcecode.c.objc; path = JMUSBDeviceConnection.m; sourceTree = "<group>"; };
		BAE522B77CA1F32B0009E6D8 /* DarkLightningTests.xctest */ = {isa = PBXFileReference; explicitFileType = wrapper.cfbundle; includeInIndex = 0; path = DarkLightningTests.xctest; sourceTree = BUILT_PRODUCTS_DIR; };
		BDD471292733AF2946874C23 /* debug.xcconfig */ = {isa = PBXFileReference; includeInIndex = 1; lastKnownFileType = text.xcconfig; path = debug.xcconfig; sourceTree = "<group>"; };
		BF9409C26ACB2A4452E60FC5 /* Cocoa.framework */ = {isa = PBXFileReference; lastKnownFileType = wrapper.framework; name = Cocoa.framework; path = Platforms/MacOSX.platform/Developer/SDKs/MacOSX10.11.sdk/System/Library/Frameworks/Cocoa.framework; sourceTree = DEVELOPER_DIR; };
		C331BF051D70C10C202F7C82 /* JMUSBMuxDecoderTests.m */ = {isa = PBXFileReference; includeInIndex = 1; lastKnownFileType = sourcecode.c.objc; path = JMUSBMuxDecoderTests.m; sourceTree = "<group>"; };
		C7738D4FF60789E48D078148 /* DarkLightning.framework */ = {isa = PBXFileReference; explicitFileType = wrapper.framework; includeInIndex = 0; path = DarkLightning.framework; sourceTree = BUILT_PRODUCTS_DIR; };
		C8FE6AEE8CA6581D1CF7B86A /* iOS-debug.xcconfig */ = {isa = PBXFileReference; includeInIndex = 1; lastKnownFileType = text.xcconfig; path = "iOS-debug.xcconfig"; sourceTree = "<group>"; };
		CA3AE96CEAC4C1B3C851D5FB /* DarkLightning.h */ = {isa = PBXFileReference; includeInIndex = 1; lastKnownFileType = sourcecode.c.h; path = DarkLightning.h; sourceTree = "<group>"; };
		CBB8826E46AA55CE780FD780 /* JMMobileDevicePort.m */ = {isa = PBXFileReference; includeInIndex = 1; lastKnownFileType = sourcecode.c.objc; path = JMMobileDevicePort.m; sourceTree = "<group>"; };
		CDD2874475E0000D3F90A489 /* DarkLightning.h */ = {isa = PBXFileReference; includeInIndex = 1; lastKnownFileType = sourcecode.c.h; path = DarkLightning.h; sourceTree = "<group>"; };
		CF0AA541E7D7A4AC6E99F8D2 /* JMSocketConnection.m */ = {isa = PBXFileReference; includeInIndex = 1; lastKnownFileType = sourcecode.c.objc; path = JMSocketConnection.m; sourceTree = "<group>"; };
		CF20017A7C2290FDA535D03C /* JMSocketMock.m */ = {isa = PBXFileReference; includeInIndex = 1; lastKnownFileType = sourcecode.c.objc; path = JMSocketMock.m; sourceTree = "<group>"; };
		CF7CCD0A52554FBA9F491950 /* tvOS-debug.xcconfig */ = {isa = PBXFileReference; includeInIndex = 1; lastKnownFileType = text.xcconfig; path = "tvOS-debug.xcconfig"; sourceTree = "<group>"; };
		D06F8F618C974E225A38AF3E /* JMUSBMuxEncoderTests.m */ = {isa = PBXFileReference; includeInIndex = 1; lastKnownFileType = sourcecode.c.objc; path = JMUSBMuxEncoderTests.m; sourceTree = "<group>"; };
		D939ABFE73392FE0C2A5BE46 /* JMDecodedTaggedPackets.h */ = {isa = PBXFileReference; includeInIndex = 1; lastKnownFileType = sourcecode.c.h; path = JMDecodedTaggedPackets.h; sourceTree = "<group>"; };
		E81EDF370E69011E9903377F /* shared.xcconfig */ = {isa = PBXFileReference; includeInIndex = 1; lastKnownFileType = text.xcconfig; path = shared.xcconfig; sourceTree = "<group>"; };
		E8609AD362D6E94241C28C9A /* Foundation.framework */ = {isa = PBXFileReference; lastKnownFileType = wrapper.framework; name = Foundation.framework; path = Platforms/AppleTVOS.platform/Developer/SDKs/AppleTVOS9.1.sdk/System/Library/Frameworks/Foundation.framework; sourceTree = DEVELOPER_DIR; };
		F09494FA7F15378EFADECD94 /* JMUSBMuxPacketFactory.m */ = {isa = PBXFileReference; includeInIndex = 1; lastKnownFileType = sourcecode.c.objc; path = JMUSBMuxPacketFactory.m; sourceTree = "<group>"; };
		F1AD143071C1BB0B99C69DD5 /* JMUSBDevice.m */ = {isa = PBXFileReference; includeInIndex = 1; lastKnownFileType = sourcecode.c.objc; path = JMUSBDevice.m; sourceTree = "<group>"; };
		F32E4F06CF677350040A6268 /* JMUSBMuxDecoder.m */ = {isa = PBXFileReference; includeInIndex = 1; lastKnownFileType = sourcecode.c.objc; path = JMUSBMuxDecoder.m; sourceTree = "<group>"; };
		F37B740FDDB531BD70CECD23 /* JMMobileDevicePort.h */ = {isa = PBXFileReference; includeInIndex = 1; lastKnownFileType = sourcecode.c.h; path = JMMobileDevicePort.h; sourceTree = "<group>"; };
		FA677BEA5B448A4AD64B4C2E /* JMPathSocket.h */ = {isa = PBXFileReference; includeInIndex = 1; lastKnownFileType = sourcecode.c.h; path = JMPathSocket.h; sourceTree = "<group>"; };
		FF6A9F11989B797520DB9894 /* OSX-release.xcconfig */ = {isa = PBXFileReference; includeInIndex = 1; lastKnownFileType = text.xcconfig; path = "OSX-release.xcconfig"; sourceTree = "<group>"; };
/* End PBXFileReference section */

/* Begin PBXFrameworksBuildPhase section */
		76F0F32F1040107D0DDFB299 /* Frameworks */ = {
			isa = PBXFrameworksBuildPhase;
			buildActionMask = 2147483647;
			files = (
				FF57FF4A5D2B123F1E7DE68F /* Foundation.framework in Frameworks */,
			);
			runOnlyForDeploymentPostprocessing = 0;
		};
		877CAE2217D6C40649EAB110 /* Frameworks */ = {
			isa = PBXFrameworksBuildPhase;
			buildActionMask = 2147483647;
			files = (
				5113E19CFBA3E70BD89AC035 /* Cocoa.framework in Frameworks */,
			);
			runOnlyForDeploymentPostprocessing = 0;
		};
		CACCE2DDB8BBC81A9F6F747F /* Frameworks */ = {
			isa = PBXFrameworksBuildPhase;
			buildActionMask = 2147483647;
			files = (
				7452401F5D05FB95E757FC31 /* Foundation.framework in Frameworks */,
			);
			runOnlyForDeploymentPostprocessing = 0;
		};
		D6C9E7A331075D68C8D86F39 /* Frameworks */ = {
			isa = PBXFrameworksBuildPhase;
			buildActionMask = 2147483647;
			files = (
				0DBB04B397DD27AB40F27319 /* Kiwi.framework in Frameworks */,
			);
			runOnlyForDeploymentPostprocessing = 0;
		};
/* End PBXFrameworksBuildPhase section */

/* Begin PBXGroup section */
		05A4CA8ACB6EAFBD32074D41 /* USB */ = {
			isa = PBXGroup;
			children = (
				4DA6C8272BA6BB26D800B04D /* Connections */,
				9755A6972DB5E662587868EE /* JMUSBDevice.h */,
				F1AD143071C1BB0B99C69DD5 /* JMUSBDevice.m */,
				ADA9A2A8F291A1A35B2B77F2 /* JMUSBDeviceManager.h */,
				7DB277648D611F11636A7190 /* JMUSBDeviceManager.m */,
				F153782F8E22FA079F1916B9 /* USBMux */,
			);
			path = USB;
			sourceTree = "<group>";
		};
		0B423D7AAA1E5F1E35C73A1F /* MobileDevicePort */ = {
			isa = PBXGroup;
			children = (
				F37B740FDDB531BD70CECD23 /* JMMobileDevicePort.h */,
				CBB8826E46AA55CE780FD780 /* JMMobileDevicePort.m */,
			);
			path = MobileDevicePort;
			sourceTree = "<group>";
		};
		14316A54AD8C41115E5453E4 /* Source */ = {
			isa = PBXGroup;
			children = (
				92C3E9EA890216322E0E2B51 /* Categories */,
				A7AE5215457BDC15D550BD1A /* iOS */,
				0B423D7AAA1E5F1E35C73A1F /* MobileDevicePort */,
				954F3C76E263AED1B1AC3D18 /* OSX */,
				A8E7BB25BEC0B09BABFD1EC3 /* PacketProtocol */,
				BEBC1E0AFECA10C211F29EE9 /* Sockets */,
				1709C12683366D84E46F8539 /* tvOS */,
				05A4CA8ACB6EAFBD32074D41 /* USB */,
			);
			path = Source;
			sourceTree = "<group>";
		};
		1709C12683366D84E46F8539 /* tvOS */ = {
			isa = PBXGroup;
			children = (
				CA3AE96CEAC4C1B3C851D5FB /* DarkLightning.h */,
			);
			path = tvOS;
			sourceTree = "<group>";
		};
		175767DF697C6E19CF5AD21F = {
			isa = PBXGroup;
			children = (
				E8452C20FC6F7BC3A4AE5843 /* Configuration */,
				F91418AA07487309D61F7111 /* Frameworks */,
				7B43456BD3D75F7ACAB32380 /* Products */,
				14316A54AD8C41115E5453E4 /* Source */,
				F2AF54EF812341544A421140 /* Tests */,
			);
			sourceTree = "<group>";
		};
		1D71D6AF871CA7506FC127AE /* OSXTests */ = {
			isa = PBXGroup;
			children = (
				8FBB241F6E93D3A21256F5B4 /* Info.plist */,
				7DF1813481B622FB1403CB3B /* OSXTests.xcconfig */,
				9704276CA78BD564D469A5C9 /* OSXTests-debug.xcconfig */,
				4B545EA8A55775F5A531F3F9 /* OSXTests-release.xcconfig */,
			);
			path = OSXTests;
			sourceTree = "<group>";
		};
		2A0B9990DD0595B6F1928DFD /* Sockets */ = {
			isa = PBXGroup;
			children = (
				4C48E19F4C17BE6669DE5437 /* JMHostSocketTests.m */,
				892832031B51AB5FEF87B160 /* JMNativeSocketTests.m */,
				270D16E93BEDD11EB88B7F9B /* JMPathSocketTests.m */,
				8E6B92FB0784190E6864F747 /* JMSocketConnectionTests.m */,
			);
			path = Sockets;
			sourceTree = "<group>";
		};
		3641F8576B795C9D55384999 /* Kiwi */ = {
			isa = PBXGroup;
			children = (
				6755466563D567566E9E4570 /* Kiwi.framework */,
			);
			path = Kiwi;
			sourceTree = "<group>";
		};
		3A25CEEA947BC18D60421E5A /* USBMux */ = {
			isa = PBXGroup;
			children = (
				C331BF051D70C10C202F7C82 /* JMUSBMuxDecoderTests.m */,
				D06F8F618C974E225A38AF3E /* JMUSBMuxEncoderTests.m */,
			);
			path = USBMux;
			sourceTree = "<group>";
		};
		404BE7B4840839F41ED208B8 /* USB */ = {
			isa = PBXGroup;
			children = (
				F4BE960FB2FB9E6D23767B11 /* Connections */,
				B91168D20822C35E57B85B54 /* JMUSBDeviceTests.m */,
				3A25CEEA947BC18D60421E5A /* USBMux */,
			);
			path = USB;
			sourceTree = "<group>";
		};
		4DA6C8272BA6BB26D800B04D /* Connections */ = {
			isa = PBXGroup;
			children = (
				000C0404C7A3F7088D29A88D /* JMDeviceConnection.h */,
				0E9758579DB2F84452D9C3B2 /* JMDeviceConnection.m */,
				1BD9FECC0E5AC155411924BC /* JMSimulatorConnection.h */,
				85793A60B12ECA3B77677417 /* JMSimulatorConnection.m */,
				35B3BB140A8F60F19287E6A8 /* JMUSBDeviceConnection.h */,
				B9705E71E2BC5398211821A7 /* JMUSBDeviceConnection.m */,
			);
			path = Connections;
			sourceTree = "<group>";
		};
		579A1F9E751ADB29878ADEED /* Shared */ = {
			isa = PBXGroup;
			children = (
				BDD471292733AF2946874C23 /* debug.xcconfig */,
				549F87390D8D9C7FE4B59986 /* Info.plist */,
				6129013DB594CA7DA767876D /* release.xcconfig */,
				E81EDF370E69011E9903377F /* shared.xcconfig */,
			);
			path = Shared;
			sourceTree = "<group>";
		};
		666F5FFC17DBCAD1CCAB6EAD /* tvOS */ = {
			isa = PBXGroup;
			children = (
				1AE1F370810B2812B28DC862 /* tvOS.xcconfig */,
				CF7CCD0A52554FBA9F491950 /* tvOS-debug.xcconfig */,
				23F5D101027284C1AF61C5F3 /* tvOS-release.xcconfig */,
			);
			path = tvOS;
			sourceTree = "<group>";
		};
		6B00C62CA47C382BF9513F69 /* iOS */ = {
			isa = PBXGroup;
			children = (
				81BEFEC87C21A8BD42FCEBE2 /* iOS.xcconfig */,
				C8FE6AEE8CA6581D1CF7B86A /* iOS-debug.xcconfig */,
				3320936677979122F07435C5 /* iOS-release.xcconfig */,
			);
			path = iOS;
			sourceTree = "<group>";
		};
		6D17D288D7D716C831394422 /* iOS */ = {
			isa = PBXGroup;
			children = (
				6A8BBCF5C8C5B3527E6C7D27 /* Foundation.framework */,
			);
			name = iOS;
			sourceTree = "<group>";
		};
		7B43456BD3D75F7ACAB32380 /* Products */ = {
			isa = PBXGroup;
			children = (
				C7738D4FF60789E48D078148 /* DarkLightning.framework */,
				7921015D78A69AADE6EA8E0B /* DarkLightning.framework */,
				BAE522B77CA1F32B0009E6D8 /* DarkLightningTests.xctest */,
				2AEE426046F4352189DDB1BB /* DarkLightning.framework */,
			);
			name = Products;
			sourceTree = "<group>";
		};
		8215A6AB6243C66847A214FE /* OSX */ = {
			isa = PBXGroup;
			children = (
				22AB82121DD58C69D05798BD /* OSX.xcconfig */,
				569524F0AD012EBA281696B7 /* OSX-debug.xcconfig */,
				FF6A9F11989B797520DB9894 /* OSX-release.xcconfig */,
			);
			path = OSX;
			sourceTree = "<group>";
		};
		90913CC9671FEA03CF2843D2 /* Tagged */ = {
			isa = PBXGroup;
			children = (
				D939ABFE73392FE0C2A5BE46 /* JMDecodedTaggedPackets.h */,
				5B0C82CBBEA034D3D755CB52 /* JMDecodedTaggedPackets.m */,
				847F549AEDA4AFC7D45CFC81 /* JMTaggedPacket.h */,
				2283D4EEC1F5A8C309E95CC4 /* JMTaggedPacket.m */,
			);
			path = Tagged;
			sourceTree = "<group>";
		};
		92C3E9EA890216322E0E2B51 /* Categories */ = {
			isa = PBXGroup;
			children = (
				27AB9B66DC728DBABD95877A /* NSData+Immutable.h */,
				60F2824FA7EB4FD6399A33EE /* NSData+Immutable.m */,
			);
			path = Categories;
			sourceTree = "<group>";
		};
		954F3C76E263AED1B1AC3D18 /* OSX */ = {
			isa = PBXGroup;
			children = (
				CDD2874475E0000D3F90A489 /* DarkLightning.h */,
			);
			path = OSX;
			sourceTree = "<group>";
		};
		A7AE5215457BDC15D550BD1A /* iOS */ = {
			isa = PBXGroup;
			children = (
				A5B69A687A0DD5C8ECFE5094 /* DarkLightning.h */,
			);
			path = iOS;
			sourceTree = "<group>";
		};
		A8E7BB25BEC0B09BABFD1EC3 /* PacketProtocol */ = {
			isa = PBXGroup;
			children = (
				90913CC9671FEA03CF2843D2 /* Tagged */,
			);
			path = PacketProtocol;
			sourceTree = "<group>";
		};
		B774111D238CC2D4B2B963D8 /* Utils */ = {
			isa = PBXGroup;
			children = (
				B741FC1BAE1D4C24DAF56FAB /* JMSocketMock.h */,
				CF20017A7C2290FDA535D03C /* JMSocketMock.m */,
				148668C5865BE49375CE7E85 /* JMUSBMuxPacketFactory.h */,
				F09494FA7F15378EFADECD94 /* JMUSBMuxPacketFactory.m */,
			);
			path = Utils;
			sourceTree = "<group>";
		};
		BEBC1E0AFECA10C211F29EE9 /* Sockets */ = {
			isa = PBXGroup;
			children = (
				6B67C29FD1FA1E50914DB679 /* JMHostSocket.h */,
				0A1525C3681D22CD7A9A2DB5 /* JMHostSocket.m */,
				5170D816997F5AD7BBA8F770 /* JMNativeSocket.h */,
				53CDAFA881E0EF155DC746F2 /* JMNativeSocket.m */,
				FA677BEA5B448A4AD64B4C2E /* JMPathSocket.h */,
				84153A5712D3F701775BE1C9 /* JMPathSocket.m */,
				30B0C19E77A8E213E346B04C /* JMSocket.h */,
				9D8CB1E82E5F071F6ACDFC91 /* JMSocketConnection.h */,
				CF0AA541E7D7A4AC6E99F8D2 /* JMSocketConnection.m */,
			);
			path = Sockets;
			sourceTree = "<group>";
		};
		E8452C20FC6F7BC3A4AE5843 /* Configuration */ = {
			isa = PBXGroup;
			children = (
				6B00C62CA47C382BF9513F69 /* iOS */,
				8215A6AB6243C66847A214FE /* OSX */,
				1D71D6AF871CA7506FC127AE /* OSXTests */,
				579A1F9E751ADB29878ADEED /* Shared */,
				666F5FFC17DBCAD1CCAB6EAD /* tvOS */,
			);
			path = Configuration;
			sourceTree = "<group>";
		};
		F10E69AEFB3B76D51AA6147B /* tvOS */ = {
			isa = PBXGroup;
			children = (
				E8609AD362D6E94241C28C9A /* Foundation.framework */,
			);
			name = tvOS;
			sourceTree = "<group>";
		};
		F153782F8E22FA079F1916B9 /* USBMux */ = {
			isa = PBXGroup;
			children = (
				3414A563979887128C224E4A /* JMUSBMuxDecoder.h */,
				F32E4F06CF677350040A6268 /* JMUSBMuxDecoder.m */,
				59B1C7AC1F0B6603CF4B9606 /* JMUSBMuxEncoder.h */,
				8450E62F98D59F18B8616B54 /* JMUSBMuxEncoder.m */,
				B46A475F1D69B551009CE4C6 /* JMUSBMuxPacket.h */,
				B46A47601D69B551009CE4C6 /* JMUSBMuxPacket.m */,
				B46A47631D69B562009CE4C6 /* JMUSBMuxPacketHeader.h */,
				B46A47641D69B562009CE4C6 /* JMUSBMuxPacketHeader.m */,
			);
			path = USBMux;
			sourceTree = "<group>";
		};
		F2AF54EF812341544A421140 /* Tests */ = {
			isa = PBXGroup;
			children = (
				2A0B9990DD0595B6F1928DFD /* Sockets */,
				404BE7B4840839F41ED208B8 /* USB */,
				B774111D238CC2D4B2B963D8 /* Utils */,
			);
			path = Tests;
			sourceTree = "<group>";
		};
		F4BE960FB2FB9E6D23767B11 /* Connections */ = {
			isa = PBXGroup;
			children = (
				0930516D71B624DD4D49B824 /* JMDeviceConnectionTests.m */,
				90C710DAA48F5469A61FC2F6 /* JMSimulatorConnectionTests.m */,
				18CAB431E33F33AC4D32F746 /* JMUSBDeviceConnectionTests.m */,
			);
			path = Connections;
			sourceTree = "<group>";
		};
		F7AA308E0F38EF77AEBCC3A6 /* OS X */ = {
			isa = PBXGroup;
			children = (
				BF9409C26ACB2A4452E60FC5 /* Cocoa.framework */,
			);
			name = "OS X";
			sourceTree = "<group>";
		};
		F91418AA07487309D61F7111 /* Frameworks */ = {
			isa = PBXGroup;
			children = (
				6D17D288D7D716C831394422 /* iOS */,
				3641F8576B795C9D55384999 /* Kiwi */,
				F7AA308E0F38EF77AEBCC3A6 /* OS X */,
				F10E69AEFB3B76D51AA6147B /* tvOS */,
			);
			path = Frameworks;
			sourceTree = "<group>";
		};
/* End PBXGroup section */

/* Begin PBXHeadersBuildPhase section */
		9433D463C2D330C4FE105FDF /* Headers */ = {
			isa = PBXHeadersBuildPhase;
			buildActionMask = 2147483647;
			files = (
				EA9A3BD376ECFA2AA36307A5 /* DarkLightning.h in Headers */,
				539C61B93D05D78BB86B470E /* JMDecodedTaggedPackets.h in Headers */,
				9B0D94BF88813492089FC2C8 /* JMHostSocket.h in Headers */,
				3D06D08EABC439D6D184D49D /* JMMobileDevicePort.h in Headers */,
				33090F995D9F8A76452DAE9C /* JMNativeSocket.h in Headers */,
				C1BD108439164A9C7287CD82 /* JMPathSocket.h in Headers */,
				4A61B6537512CE0E40B91721 /* JMSocket.h in Headers */,
				325CCBCD87093F34AFEB4EA2 /* JMSocketConnection.h in Headers */,
				F12B8073BA78718B7DD17A5B /* JMTaggedPacket.h in Headers */,
				7273C6A9C18A38CFABD4BD15 /* NSData+Immutable.h in Headers */,
				B68560167183CD5F1E8EA766 /* NSData+Immutable.m in Headers */,
			);
			runOnlyForDeploymentPostprocessing = 0;
		};
		CFC74797A824CCE05AD5CFD5 /* Headers */ = {
			isa = PBXHeadersBuildPhase;
			buildActionMask = 2147483647;
			files = (
				9E2228081D554BD0BE800A43 /* DarkLightning.h in Headers */,
				34A9FBC2457F7F09CCED638B /* JMDecodedTaggedPackets.h in Headers */,
				4229835BA9BA7C5C6245F2C0 /* JMDeviceConnection.h in Headers */,
				5DB0F3716D62228A0C5AE7DF /* JMHostSocket.h in Headers */,
				D68AAA2E2C57CC5304DAE55F /* JMNativeSocket.h in Headers */,
				B46A47611D69B551009CE4C6 /* JMUSBMuxPacket.h in Headers */,
				CB5C50DB4432E0E482672D88 /* JMPathSocket.h in Headers */,
				A6DB13B2FF5E67FDC13A3025 /* JMSimulatorConnection.h in Headers */,
				C8A907CE3D39E4E4778E283D /* JMSocket.h in Headers */,
				FA4ACE3E65ACDC81D3AF7108 /* JMSocketConnection.h in Headers */,
				8BD6E404B8F4D93E4A85D474 /* JMTaggedPacket.h in Headers */,
				F370BEF949F48E64072DC365 /* JMUSBDevice.h in Headers */,
				AFD530B5450094ECF90EB3EB /* JMUSBDeviceConnection.h in Headers */,
				0FCC87B974AA3A906FE8F8B5 /* JMUSBDeviceManager.h in Headers */,
				1D670C2FF771EC5322BE790B /* JMUSBMuxDecoder.h in Headers */,
				F955C740F9BB50D7A635BA90 /* JMUSBMuxEncoder.h in Headers */,
				B46A47651D69B562009CE4C6 /* JMUSBMuxPacketHeader.h in Headers */,
				BE90F1373F005C4AAC145E38 /* NSData+Immutable.h in Headers */,
				335DE90B69904326681B9DBE /* NSData+Immutable.m in Headers */,
			);
			runOnlyForDeploymentPostprocessing = 0;
		};
		D59495751BC4B44F35DE2575 /* Headers */ = {
			isa = PBXHeadersBuildPhase;
			buildActionMask = 2147483647;
			files = (
				C654413AC8F324F9BD9960E8 /* DarkLightning.h in Headers */,
				A751A5C131A4249909A2348F /* JMDecodedTaggedPackets.h in Headers */,
				90C2F1E4BC6B10D58ACE307E /* JMHostSocket.h in Headers */,
				17138893C6D4E2BF8E498787 /* JMMobileDevicePort.h in Headers */,
				173DA0DE9C2A5B25B565D15E /* JMNativeSocket.h in Headers */,
				7AA4C13DF5B5A68CE3C84E63 /* JMPathSocket.h in Headers */,
				5231C8202EBA877B37893556 /* JMSocket.h in Headers */,
				8F808F4A55834C11CAB332D4 /* JMSocketConnection.h in Headers */,
				3AA2C171469105DBD045C6FB /* JMTaggedPacket.h in Headers */,
				316FFED99B04C7941F0F2562 /* NSData+Immutable.h in Headers */,
				6CB3DC9DB42FA93B3EBA1519 /* NSData+Immutable.m in Headers */,
			);
			runOnlyForDeploymentPostprocessing = 0;
		};
/* End PBXHeadersBuildPhase section */

/* Begin PBXNativeTarget section */
		05CD14C0B301717F7EBA85AC /* tvOS */ = {
			isa = PBXNativeTarget;
			buildConfigurationList = 6F2FF484D62A6D99623983A0 /* Build configuration list for PBXNativeTarget "tvOS" */;
			buildPhases = (
				897542CEC725B6FC1BCF02BD /* Sources */,
				76F0F32F1040107D0DDFB299 /* Frameworks */,
				9433D463C2D330C4FE105FDF /* Headers */,
			);
			buildRules = (
			);
			dependencies = (
			);
			name = tvOS;
			productName = tvOS;
			productReference = 2AEE426046F4352189DDB1BB /* DarkLightning.framework */;
			productType = "com.apple.product-type.framework";
		};
		5115057F25EB708D85015632 /* OSX */ = {
			isa = PBXNativeTarget;
			buildConfigurationList = 3998E249EDEED951764B13B8 /* Build configuration list for PBXNativeTarget "OSX" */;
			buildPhases = (
				180946F56BC45C99A15BC43E /* Sources */,
				877CAE2217D6C40649EAB110 /* Frameworks */,
				CFC74797A824CCE05AD5CFD5 /* Headers */,
			);
			buildRules = (
			);
			dependencies = (
			);
			name = OSX;
			productName = OSX;
			productReference = 7921015D78A69AADE6EA8E0B /* DarkLightning.framework */;
			productType = "com.apple.product-type.framework";
		};
		53F05FE98AE857E23410EB97 /* iOS */ = {
			isa = PBXNativeTarget;
			buildConfigurationList = C89AA5D8C515B6C654EB4CA7 /* Build configuration list for PBXNativeTarget "iOS" */;
			buildPhases = (
				2E9F2ABFC021F73A51F4F32D /* Sources */,
				CACCE2DDB8BBC81A9F6F747F /* Frameworks */,
				D59495751BC4B44F35DE2575 /* Headers */,
			);
			buildRules = (
			);
			dependencies = (
			);
			name = iOS;
			productName = iOS;
			productReference = C7738D4FF60789E48D078148 /* DarkLightning.framework */;
			productType = "com.apple.product-type.framework";
		};
		965038A7DC10B92F28D8E574 /* OSX-Tests */ = {
			isa = PBXNativeTarget;
			buildConfigurationList = A5D7A11F19E6C7045366B149 /* Build configuration list for PBXNativeTarget "OSX-Tests" */;
			buildPhases = (
				80FD907031D7E9B1D3B516D9 /* Sources */,
				D6C9E7A331075D68C8D86F39 /* Frameworks */,
				0CE0D315D87145AFD8E53C10 /* Resources */,
				FD2713EE072B6DC6334532B9 /* CopyFiles */,
			);
			buildRules = (
			);
			dependencies = (
				64176734AC28218E3D1791E7 /* PBXTargetDependency */,
			);
			name = "OSX-Tests";
			productName = "OSX-Tests";
			productReference = BAE522B77CA1F32B0009E6D8 /* DarkLightningTests.xctest */;
			productType = "com.apple.product-type.bundle.unit-test";
		};
/* End PBXNativeTarget section */

/* Begin PBXProject section */
		B79546F31B2284BCF6D5FDD6 /* Project object */ = {
			isa = PBXProject;
			attributes = {
				LastSwiftUpdateCheck = 0720;
				LastUpgradeCheck = 0700;
			};
			buildConfigurationList = A274135EB2ADB808FF15877F /* Build configuration list for PBXProject "DarkLightning" */;
			compatibilityVersion = "Xcode 3.2";
			developmentRegion = English;
			hasScannedForEncodings = 0;
			knownRegions = (
				en,
			);
			mainGroup = 175767DF697C6E19CF5AD21F;
			productRefGroup = 7B43456BD3D75F7ACAB32380 /* Products */;
			projectDirPath = "";
			projectRoot = "";
			targets = (
				53F05FE98AE857E23410EB97 /* iOS */,
				5115057F25EB708D85015632 /* OSX */,
				965038A7DC10B92F28D8E574 /* OSX-Tests */,
				05CD14C0B301717F7EBA85AC /* tvOS */,
			);
		};
/* End PBXProject section */

/* Begin PBXResourcesBuildPhase section */
		0CE0D315D87145AFD8E53C10 /* Resources */ = {
			isa = PBXResourcesBuildPhase;
			buildActionMask = 2147483647;
			files = (
			);
			runOnlyForDeploymentPostprocessing = 0;
		};
/* End PBXResourcesBuildPhase section */

/* Begin PBXSourcesBuildPhase section */
		180946F56BC45C99A15BC43E /* Sources */ = {
			isa = PBXSourcesBuildPhase;
			buildActionMask = 2147483647;
			files = (
				957D11C93C4334FE27392B13 /* JMDecodedTaggedPackets.m in Sources */,
				34459B3011A79B1CD8CCB242 /* JMDeviceConnection.m in Sources */,
				8A15A7A623396B2E8CCA72E8 /* JMHostSocket.m in Sources */,
				F2673536317E66E5AE903D84 /* JMNativeSocket.m in Sources */,
				0DD1B305E812F27F0E175666 /* JMPathSocket.m in Sources */,
				A0553DE2EF6C7C18B923EAC0 /* JMSimulatorConnection.m in Sources */,
				A4074252C731D79A04E17BDB /* JMSocketConnection.m in Sources */,
				3C303AD93E5EF6415DBD9C8C /* JMTaggedPacket.m in Sources */,
				DAA1BEF3067B40AE54885B92 /* JMUSBDevice.m in Sources */,
				B46A47661D69B562009CE4C6 /* JMUSBMuxPacketHeader.m in Sources */,
				24A48FD1DA095247D796BA32 /* JMUSBDeviceConnection.m in Sources */,
				39940C567C73DADE26A8E7B0 /* JMUSBDeviceManager.m in Sources */,
				DD277B7177638E6F0E672F0A /* JMUSBMuxDecoder.m in Sources */,
				719996A674556F9DB4492957 /* JMUSBMuxEncoder.m in Sources */,
				7441D9C7D6581275EB60DC40 /* NSData+Immutable.m in Sources */,
				B46A47621D69B551009CE4C6 /* JMUSBMuxPacket.m in Sources */,
			);
			runOnlyForDeploymentPostprocessing = 0;
		};
		2E9F2ABFC021F73A51F4F32D /* Sources */ = {
			isa = PBXSourcesBuildPhase;
			buildActionMask = 2147483647;
			files = (
				B8E56D86D129655BADEF66D6 /* JMDecodedTaggedPackets.m in Sources */,
				7C25F272F23392B07E127946 /* JMHostSocket.m in Sources */,
				8BC515537D8319CCDC1BE5C5 /* JMMobileDevicePort.m in Sources */,
				EBF61D4AB1A6F761AEFC589E /* JMNativeSocket.m in Sources */,
				775FF0BCD0FC9C2A0A169C4E /* JMPathSocket.m in Sources */,
				294DBCD2CB4A908575BA9BEB /* JMSocketConnection.m in Sources */,
				374DB517178FF843932ED536 /* JMTaggedPacket.m in Sources */,
				9AB2D7046DB9A8AE68D2F1AE /* NSData+Immutable.m in Sources */,
			);
			runOnlyForDeploymentPostprocessing = 0;
		};
		80FD907031D7E9B1D3B516D9 /* Sources */ = {
			isa = PBXSourcesBuildPhase;
			buildActionMask = 2147483647;
			files = (
				AC63DE91A880D72AFDD446D2 /* JMHostSocketTests.m in Sources */,
				6FC993F3AD3B8D14DCAB161E /* JMNativeSocketTests.m in Sources */,
				8E66F284C9C08D80E2F9E1F6 /* JMPathSocketTests.m in Sources */,
				866A47D00DBE45DB5EF55313 /* JMSocketConnectionTests.m in Sources */,
				41D17CF6704F7DD7502ED7CA /* JMDeviceConnectionTests.m in Sources */,
				9CD304B033371985AE380B20 /* JMSimulatorConnectionTests.m in Sources */,
				6244880411F372075E38C3F9 /* JMUSBDeviceConnectionTests.m in Sources */,
				DCF8DD9CAB96FC8BED8BB916 /* JMUSBDeviceTests.m in Sources */,
				7E4B65FF9B316F7170B5B012 /* JMUSBMuxDecoderTests.m in Sources */,
				7AC44EEE18A92818738D89F5 /* JMUSBMuxEncoderTests.m in Sources */,
				D3FCC18444A0D9E4A15F24CD /* JMSocketMock.m in Sources */,
				FA22CD4187DBF27ADFDE863F /* JMUSBMuxPacketFactory.m in Sources */,
			);
			runOnlyForDeploymentPostprocessing = 0;
		};
		897542CEC725B6FC1BCF02BD /* Sources */ = {
			isa = PBXSourcesBuildPhase;
			buildActionMask = 2147483647;
			files = (
				8367D869745789ED482D245A /* JMDecodedTaggedPackets.m in Sources */,
				85C4EAE349E4E2C2634F9329 /* JMHostSocket.m in Sources */,
				3E63C1C10BD94B6B4399F002 /* JMMobileDevicePort.m in Sources */,
				7FBE9A19CE0393EEA2047C11 /* JMNativeSocket.m in Sources */,
				6BCB0A0BC5082340C53A6823 /* JMPathSocket.m in Sources */,
				9E141FB528FBA3101D29ABE7 /* JMSocketConnection.m in Sources */,
				5799284BA68388C5CF975467 /* JMTaggedPacket.m in Sources */,
				8A5D4C211DC8D850F219AAF8 /* NSData+Immutable.m in Sources */,
			);
			runOnlyForDeploymentPostprocessing = 0;
		};
/* End PBXSourcesBuildPhase section */

/* Begin PBXTargetDependency section */
		64176734AC28218E3D1791E7 /* PBXTargetDependency */ = {
			isa = PBXTargetDependency;
			name = OSX;
			target = 5115057F25EB708D85015632 /* OSX */;
			targetProxy = F2964D54E424828F7E497CB8 /* PBXContainerItemProxy */;
		};
/* End PBXTargetDependency section */

/* Begin XCBuildConfiguration section */
		0787444C6CD1F1DF3B63A1FD /* Debug */ = {
			isa = XCBuildConfiguration;
			baseConfigurationReference = BDD471292733AF2946874C23 /* debug.xcconfig */;
			buildSettings = {
			};
			name = Debug;
		};
		47DEE14BCE0D7D0DA19187C6 /* Debug */ = {
			isa = XCBuildConfiguration;
			baseConfigurationReference = 569524F0AD012EBA281696B7 /* OSX-debug.xcconfig */;
			buildSettings = {
			};
			name = Debug;
		};
		4D8CA6F389DA6723C1377D6F /* Release */ = {
			isa = XCBuildConfiguration;
			baseConfigurationReference = 4B545EA8A55775F5A531F3F9 /* OSXTests-release.xcconfig */;
			buildSettings = {
			};
			name = Release;
		};
		8E69851AC417AB96EAD9ED25 /* Debug */ = {
			isa = XCBuildConfiguration;
			baseConfigurationReference = 9704276CA78BD564D469A5C9 /* OSXTests-debug.xcconfig */;
			buildSettings = {
			};
			name = Debug;
		};
		93C9F9E5AB83191ABFDE411E /* Release */ = {
			isa = XCBuildConfiguration;
			baseConfigurationReference = 3320936677979122F07435C5 /* iOS-release.xcconfig */;
			buildSettings = {
			};
			name = Release;
		};
		9A32077D83B2CA01BAA289FF /* Release */ = {
			isa = XCBuildConfiguration;
			baseConfigurationReference = 6129013DB594CA7DA767876D /* release.xcconfig */;
			buildSettings = {
			};
			name = Release;
		};
		D13DB3E29430047000E83426 /* Debug */ = {
			isa = XCBuildConfiguration;
			baseConfigurationReference = CF7CCD0A52554FBA9F491950 /* tvOS-debug.xcconfig */;
			buildSettings = {
			};
			name = Debug;
		};
		D7F074D431985F1156BEE146 /* Release */ = {
			isa = XCBuildConfiguration;
			baseConfigurationReference = FF6A9F11989B797520DB9894 /* OSX-release.xcconfig */;
			buildSettings = {
			};
			name = Release;
		};
		D8D943F5B45B8E5C722FC8A5 /* Release */ = {
			isa = XCBuildConfiguration;
			baseConfigurationReference = 23F5D101027284C1AF61C5F3 /* tvOS-release.xcconfig */;
			buildSettings = {
			};
			name = Release;
		};
		FEEE2774CF6E73885D046454 /* Debug */ = {
			isa = XCBuildConfiguration;
			baseConfigurationReference = C8FE6AEE8CA6581D1CF7B86A /* iOS-debug.xcconfig */;
			buildSettings = {
			};
			name = Debug;
		};
/* End XCBuildConfiguration section */

/* Begin XCConfigurationList section */
		3998E249EDEED951764B13B8 /* Build configuration list for PBXNativeTarget "OSX" */ = {
			isa = XCConfigurationList;
			buildConfigurations = (
				D7F074D431985F1156BEE146 /* Release */,
				47DEE14BCE0D7D0DA19187C6 /* Debug */,
			);
			defaultConfigurationIsVisible = 0;
			defaultConfigurationName = Release;
		};
		6F2FF484D62A6D99623983A0 /* Build configuration list for PBXNativeTarget "tvOS" */ = {
			isa = XCConfigurationList;
			buildConfigurations = (
				D8D943F5B45B8E5C722FC8A5 /* Release */,
				D13DB3E29430047000E83426 /* Debug */,
			);
			defaultConfigurationIsVisible = 0;
			defaultConfigurationName = Release;
		};
		A274135EB2ADB808FF15877F /* Build configuration list for PBXProject "DarkLightning" */ = {
			isa = XCConfigurationList;
			buildConfigurations = (
				0787444C6CD1F1DF3B63A1FD /* Debug */,
				9A32077D83B2CA01BAA289FF /* Release */,
			);
			defaultConfigurationIsVisible = 0;
			defaultConfigurationName = Release;
		};
		A5D7A11F19E6C7045366B149 /* Build configuration list for PBXNativeTarget "OSX-Tests" */ = {
			isa = XCConfigurationList;
			buildConfigurations = (
				4D8CA6F389DA6723C1377D6F /* Release */,
				8E69851AC417AB96EAD9ED25 /* Debug */,
			);
			defaultConfigurationIsVisible = 0;
			defaultConfigurationName = Release;
		};
		C89AA5D8C515B6C654EB4CA7 /* Build configuration list for PBXNativeTarget "iOS" */ = {
			isa = XCConfigurationList;
			buildConfigurations = (
				93C9F9E5AB83191ABFDE411E /* Release */,
				FEEE2774CF6E73885D046454 /* Debug */,
			);
			defaultConfigurationIsVisible = 0;
			defaultConfigurationName = Release;
		};
/* End XCConfigurationList section */
	};
	rootObject = B79546F31B2284BCF6D5FDD6 /* Project object */;
}
