PODS:
  - DarkLightning (0.2.0):
    - DarkLightning/iOS (= 0.2.0)
    - DarkLightning/OSX (= 0.2.0)
    - DarkLightning/PacketProtocol (= 0.2.0)
  - DarkLightning/iOS (0.2.0):
    - DarkLightning/PacketProtocol
  - DarkLightning/OSX (0.2.0):
    - DarkLightning/PacketProtocol
  - DarkLightning/PacketProtocol (0.2.0)

DEPENDENCIES:
  - DarkLightning (from `../`)

EXTERNAL SOURCES:
  DarkLightning:
    :path: ../

SPEC CHECKSUMS:
  DarkLightning: ca8470975b6d3a419758361e083763aeeae366ed

COCOAPODS: 0.39.0
