// !$*UTF8*$!
{
	archiveVersion = 1;
	classes = {
	};
	objectVersion = 46;
	objects = {

/* Begin PBXBuildFile section */
		01586889045B74D8F3E382A0 /* DarkLightning.framework in CopyFiles */ = {isa = PBXBuildFile; fileRef = 5DCFC229BD521C4EB223AC27 /* DarkLightning.framework */; settings = {ATTRIBUTES = (CodeSignOnCopy, ); }; };
		05C098E67A2FD167E4DF44B7 /* JMRootView.m in Sources */ = {isa = PBXBuildFile; fileRef = D60E6E19051AFBFF486CC399 /* JMRootView.m */; };
		0B2AACC8BCBD45BAA1F47A2E /* Cocoa.framework in Frameworks */ = {isa = PBXBuildFile; fileRef = 93939DDA74651B2A09591E70 /* Cocoa.framework */; };
		0C9A423BB5E30406508D820B /* AppDelegate.m in Sources */ = {isa = PBXBuildFile; fileRef = 1ACEEA3D066A47E52697C025 /* AppDelegate.m */; };
		6531FDFE64A4562B3DF34F16 /* MainMenu.xib in Resources */ = {isa = PBXBuildFile; fileRef = 33BD8508C0F2F68FBC2A8280 /* MainMenu.xib */; };
		8891CBCBD1F25F449662F193 /* JMRootViewController.m in Sources */ = {isa = PBXBuildFile; fileRef = C1025BA036A6DC7362C18599 /* JMRootViewController.m */; };
		99B469D0ABBB1FCE375CD729 /* JMConcreteRootViewModel.m in Sources */ = {isa = PBXBuildFile; fileRef = CA655292CE3650A6517C7A61 /* JMConcreteRootViewModel.m */; };
		DC1A0CC3D32747D28ED74A00 /* main.m in Sources */ = {isa = PBXBuildFile; fileRef = 03562D629BAA5469CE8D2462 /* main.m */; };
/* End PBXBuildFile section */

/* Begin PBXContainerItemProxy section */
		2101827531569C1FBCD6860D /* PBXContainerItemProxy */ = {
			isa = PBXContainerItemProxy;
			containerPortal = C50F1051E814D4FD1797FBB0 /* DarkLightning.xcodeproj */;
			proxyType = 1;
			remoteGlobalIDString = 63D3EEA34E57370C54E19BBD;
			remoteInfo = OSX;
		};
		42D6EF55CE5D41D649CE7AD9 /* PBXContainerItemProxy */ = {
			isa = PBXContainerItemProxy;
			containerPortal = C50F1051E814D4FD1797FBB0 /* DarkLightning.xcodeproj */;
			proxyType = 2;
			remoteGlobalIDString = 17EAA4271F51B960B346013D;
			remoteInfo = Subproject;
		};
		5FBB2AC6A77C080261AF0537 /* PBXContainerItemProxy */ = {
			isa = PBXContainerItemProxy;
			containerPortal = C50F1051E814D4FD1797FBB0 /* DarkLightning.xcodeproj */;
			proxyType = 2;
			remoteGlobalIDString = 6485B4A9EEDFD6ED0617C58B;
			remoteInfo = Subproject;
		};
		6B532AAF5BF11204C66F6A62 /* PBXContainerItemProxy */ = {
			isa = PBXContainerItemProxy;
			containerPortal = C50F1051E814D4FD1797FBB0 /* DarkLightning.xcodeproj */;
			proxyType = 2;
			remoteGlobalIDString = 81702C6B97F6B67AE17551C4;
			remoteInfo = Subproject;
		};
		A7191A1B9CC1A54C95812A43 /* PBXContainerItemProxy */ = {
			isa = PBXContainerItemProxy;
			containerPortal = C50F1051E814D4FD1797FBB0 /* DarkLightning.xcodeproj */;
			proxyType = 2;
			remoteGlobalIDString = 43D4C682A41BDDDEDC93D8C5;
			remoteInfo = Subproject;
		};
/* End PBXContainerItemProxy section */

/* Begin PBXCopyFilesBuildPhase section */
		030156E3C2FB64A35BAE2C6E /* CopyFiles */ = {
			isa = PBXCopyFilesBuildPhase;
			buildActionMask = 2147483647;
			dstPath = "";
			dstSubfolderSpec = 10;
			files = (
				01586889045B74D8F3E382A0 /* DarkLightning.framework in CopyFiles */,
			);
			runOnlyForDeploymentPostprocessing = 0;
		};
/* End PBXCopyFilesBuildPhase section */

/* Begin PBXFileReference section */
		03562D629BAA5469CE8D2462 /* main.m */ = {isa = PBXFileReference; includeInIndex = 1; lastKnownFileType = sourcecode.c.objc; path = main.m; sourceTree = "<group>"; };
		15CA1F304D5D9215AFBB8388 /* debug.xcconfig */ = {isa = PBXFileReference; includeInIndex = 1; lastKnownFileType = text.xcconfig; path = debug.xcconfig; sourceTree = "<group>"; };
		1ACEEA3D066A47E52697C025 /* AppDelegate.m */ = {isa = PBXFileReference; includeInIndex = 1; lastKnownFileType = sourcecode.c.objc; path = AppDelegate.m; sourceTree = "<group>"; };
		20DEC2E31DE09087594B0319 /* OSX.xcconfig */ = {isa = PBXFileReference; includeInIndex = 1; lastKnownFileType = text.xcconfig; path = OSX.xcconfig; sourceTree = "<group>"; };
		21776828527FA192531B2424 /* AppDelegate.h */ = {isa = PBXFileReference; includeInIndex = 1; lastKnownFileType = sourcecode.c.h; path = AppDelegate.h; sourceTree = "<group>"; };
		33BD8508C0F2F68FBC2A8280 /* MainMenu.xib */ = {isa = PBXFileReference; includeInIndex = 1; lastKnownFileType = file.xib; path = MainMenu.xib; sourceTree = "<group>"; };
		5932B492A57760AD39D530DF /* Shared.xcconfig */ = {isa = PBXFileReference; includeInIndex = 1; lastKnownFileType = text.xcconfig; path = Shared.xcconfig; sourceTree = "<group>"; };
		6EA2C44F0F9EE1EFE6905144 /* JMConcreteRootViewModel.h */ = {isa = PBXFileReference; includeInIndex = 1; lastKnownFileType = sourcecode.c.h; path = JMConcreteRootViewModel.h; sourceTree = "<group>"; };
		88C4F9BD51CCA451774BAFB4 /* JMRootViewController.h */ = {isa = PBXFileReference; includeInIndex = 1; lastKnownFileType = sourcecode.c.h; path = JMRootViewController.h; sourceTree = "<group>"; };
		8CF055487CCB358483FF30A6 /* JMRootViewModel.h */ = {isa = PBXFileReference; includeInIndex = 1; lastKnownFileType = sourcecode.c.h; path = JMRootViewModel.h; sourceTree = "<group>"; };
		927E374E398EE576CC936CE8 /* release.xcconfig */ = {isa = PBXFileReference; includeInIndex = 1; lastKnownFileType = text.xcconfig; path = release.xcconfig; sourceTree = "<group>"; };
		92B40AD70F62AD1E1D75D5CF /* release.xcconfig */ = {isa = PBXFileReference; includeInIndex = 1; lastKnownFileType = text.xcconfig; path = release.xcconfig; sourceTree = "<group>"; };
		93939DDA74651B2A09591E70 /* Cocoa.framework */ = {isa = PBXFileReference; lastKnownFileType = wrapper.framework; name = Cocoa.framework; path = Platforms/MacOSX.platform/Developer/SDKs/MacOSX10.11.sdk/System/Library/Frameworks/Cocoa.framework; sourceTree = DEVELOPER_DIR; };
		AEE2F16C87DDE1DEB3B0D37A /* Info.plist */ = {isa = PBXFileReference; includeInIndex = 1; lastKnownFileType = text.plist.xml; path = Info.plist; sourceTree = "<group>"; };
		C0E538244A3896DF38731291 /* debug.xcconfig */ = {isa = PBXFileReference; includeInIndex = 1; lastKnownFileType = text.xcconfig; path = debug.xcconfig; sourceTree = "<group>"; };
		C1025BA036A6DC7362C18599 /* JMRootViewController.m */ = {isa = PBXFileReference; includeInIndex = 1; lastKnownFileType = sourcecode.c.objc; path = JMRootViewController.m; sourceTree = "<group>"; };
		C50F1051E814D4FD1797FBB0 /* DarkLightning.xcodeproj */ = {isa = PBXFileReference; lastKnownFileType = "wrapper.pb-project"; name = DarkLightning.xcodeproj; path = ../../../DarkLightning.xcodeproj; sourceTree = "<group>"; };
		CA655292CE3650A6517C7A61 /* JMConcreteRootViewModel.m */ = {isa = PBXFileReference; includeInIndex = 1; lastKnownFileType = sourcecode.c.objc; path = JMConcreteRootViewModel.m; sourceTree = "<group>"; };
		D2E1A4CFF7D4FE4E65A11976 /* OSX.app */ = {isa = PBXFileReference; explicitFileType = wrapper.application; includeInIndex = 0; name = OSX.app; path = Messenger.app; sourceTree = BUILT_PRODUCTS_DIR; };
		D60E6E19051AFBFF486CC399 /* JMRootView.m */ = {isa = PBXFileReference; includeInIndex = 1; lastKnownFileType = sourcecode.c.objc; path = JMRootView.m; sourceTree = "<group>"; };
		E56A32FB1DAFCF55E3DCE5DA /* JMRootView.h */ = {isa = PBXFileReference; includeInIndex = 1; lastKnownFileType = sourcecode.c.h; path = JMRootView.h; sourceTree = "<group>"; };
/* End PBXFileReference section */

/* Begin PBXFrameworksBuildPhase section */
		FE98FDCB7B465AD121ECACD2 /* Frameworks */ = {
			isa = PBXFrameworksBuildPhase;
			buildActionMask = 2147483647;
			files = (
				0B2AACC8BCBD45BAA1F47A2E /* Cocoa.framework in Frameworks */,
			);
			runOnlyForDeploymentPostprocessing = 0;
		};
/* End PBXFrameworksBuildPhase section */

/* Begin PBXGroup section */
		2E4C83B4324AA2CBFC586185 /* Shared */ = {
			isa = PBXGroup;
			children = (
				C0E538244A3896DF38731291 /* debug.xcconfig */,
				92B40AD70F62AD1E1D75D5CF /* release.xcconfig */,
				5932B492A57760AD39D530DF /* Shared.xcconfig */,
			);
			path = Shared;
			sourceTree = "<group>";
		};
		3CDC9B4B167AC02BAF888782 /* Source */ = {
			isa = PBXGroup;
			children = (
				21776828527FA192531B2424 /* AppDelegate.h */,
				1ACEEA3D066A47E52697C025 /* AppDelegate.m */,
				F7DA911DE67B4B9BA51EB07C /* Root */,
				9843B1F198BC5C33CFF3F6CC /* Supporting Files */,
			);
			path = Source;
			sourceTree = "<group>";
		};
		5B85CD39D553EDFA77C56B25 /* Products */ = {
			isa = PBXGroup;
			children = (
				D2E1A4CFF7D4FE4E65A11976 /* OSX.app */,
			);
			name = Products;
			sourceTree = "<group>";
		};
		7338B0D4986E552CF29C8BB2 /* OS X */ = {
			isa = PBXGroup;
			children = (
				93939DDA74651B2A09591E70 /* Cocoa.framework */,
			);
			name = "OS X";
			sourceTree = "<group>";
		};
		89C371C7E9C32D49611E6D93 = {
			isa = PBXGroup;
			children = (
				A692F5E52A82E08157136C0D /* Configuration */,
				8C02B9F1358977ED7CF49373 /* Frameworks */,
				5B85CD39D553EDFA77C56B25 /* Products */,
				AEEC54C08019B2EA30B13EFD /* Resources */,
				3CDC9B4B167AC02BAF888782 /* Source */,
			);
			sourceTree = "<group>";
		};
		8C02B9F1358977ED7CF49373 /* Frameworks */ = {
			isa = PBXGroup;
			children = (
				C50F1051E814D4FD1797FBB0 /* DarkLightning.xcodeproj */,
				7338B0D4986E552CF29C8BB2 /* OS X */,
			);
			name = Frameworks;
			sourceTree = "<group>";
		};
		9843B1F198BC5C33CFF3F6CC /* Supporting Files */ = {
			isa = PBXGroup;
			children = (
				03562D629BAA5469CE8D2462 /* main.m */,
			);
			path = "Supporting Files";
			sourceTree = "<group>";
		};
		9F687AB19F8D46691DC1A819 /* Products */ = {
			isa = PBXGroup;
			children = (
				66E423C1B3CDB3C4F21CFE2E /* DarkLightning.framework */,
				5DCFC229BD521C4EB223AC27 /* DarkLightning.framework */,
				105C5EC5E4FC2CF0E93961F5 /* OSX-Tests.xctest */,
				C4938C8BCBDA2C5B667C7F7E /* DarkLightning.framework */,
			);
			name = Products;
			sourceTree = "<group>";
		};
		A692F5E52A82E08157136C0D /* Configuration */ = {
			isa = PBXGroup;
			children = (
				C996B66211CBDE2B8A3608A1 /* OSX */,
				2E4C83B4324AA2CBFC586185 /* Shared */,
			);
			path = Configuration;
			sourceTree = "<group>";
		};
		AEEC54C08019B2EA30B13EFD /* Resources */ = {
			isa = PBXGroup;
			children = (
				33BD8508C0F2F68FBC2A8280 /* MainMenu.xib */,
			);
			path = Resources;
			sourceTree = "<group>";
		};
		C996B66211CBDE2B8A3608A1 /* OSX */ = {
			isa = PBXGroup;
			children = (
				15CA1F304D5D9215AFBB8388 /* debug.xcconfig */,
				AEE2F16C87DDE1DEB3B0D37A /* Info.plist */,
				20DEC2E31DE09087594B0319 /* OSX.xcconfig */,
				927E374E398EE576CC936CE8 /* release.xcconfig */,
			);
			path = OSX;
			sourceTree = "<group>";
		};
		F7DA911DE67B4B9BA51EB07C /* Root */ = {
			isa = PBXGroup;
			children = (
				6EA2C44F0F9EE1EFE6905144 /* JMConcreteRootViewModel.h */,
				CA655292CE3650A6517C7A61 /* JMConcreteRootViewModel.m */,
				E56A32FB1DAFCF55E3DCE5DA /* JMRootView.h */,
				D60E6E19051AFBFF486CC399 /* JMRootView.m */,
				88C4F9BD51CCA451774BAFB4 /* JMRootViewController.h */,
				C1025BA036A6DC7362C18599 /* JMRootViewController.m */,
				8CF055487CCB358483FF30A6 /* JMRootViewModel.h */,
			);
			path = Root;
			sourceTree = "<group>";
		};
/* End PBXGroup section */

/* Begin PBXNativeTarget section */
		07D497815D5129CD01594898 /* OSX */ = {
			isa = PBXNativeTarget;
			buildConfigurationList = 0FFB78851D6C23A14757803D /* Build configuration list for PBXNativeTarget "OSX" */;
			buildPhases = (
				17C91E78F8DC956069F70D18 /* Sources */,
				FE98FDCB7B465AD121ECACD2 /* Frameworks */,
				030156E3C2FB64A35BAE2C6E /* CopyFiles */,
				925BFF4219A468AA4B253CBF /* Resources */,
			);
			buildRules = (
			);
			dependencies = (
				7A5B572ACE5C294FE1E5B7D2 /* PBXTargetDependency */,
			);
			name = OSX;
			productName = OSX;
			productReference = D2E1A4CFF7D4FE4E65A11976 /* OSX.app */;
			productType = "com.apple.product-type.application";
		};
/* End PBXNativeTarget section */

/* Begin PBXProject section */
		A71D10837D7E9ABBCEA891FB /* Project object */ = {
			isa = PBXProject;
			attributes = {
				LastSwiftUpdateCheck = 0720;
				LastUpgradeCheck = 0700;
			};
			buildConfigurationList = 472B824B860B6349C99D5668 /* Build configuration list for PBXProject "OSX" */;
			compatibilityVersion = "Xcode 3.2";
			developmentRegion = English;
			hasScannedForEncodings = 0;
			knownRegions = (
				en,
			);
			mainGroup = 89C371C7E9C32D49611E6D93;
			productRefGroup = 5B85CD39D553EDFA77C56B25 /* Products */;
			projectDirPath = "";
			projectReferences = (
				{
					ProductGroup = 9F687AB19F8D46691DC1A819 /* Products */;
					ProjectRef = C50F1051E814D4FD1797FBB0 /* DarkLightning.xcodeproj */;
				},
			);
			projectRoot = "";
			targets = (
				07D497815D5129CD01594898 /* OSX */,
			);
		};
/* End PBXProject section */

/* Begin PBXReferenceProxy section */
		105C5EC5E4FC2CF0E93961F5 /* OSX-Tests.xctest */ = {
			isa = PBXReferenceProxy;
			fileType = wrapper.cfbundle;
			path = "OSX-Tests.xctest";
			remoteRef = 6B532AAF5BF11204C66F6A62 /* PBXContainerItemProxy */;
			sourceTree = BUILT_PRODUCTS_DIR;
		};
		5DCFC229BD521C4EB223AC27 /* DarkLightning.framework */ = {
			isa = PBXReferenceProxy;
			fileType = wrapper.framework;
			path = DarkLightning.framework;
			remoteRef = 42D6EF55CE5D41D649CE7AD9 /* PBXContainerItemProxy */;
			sourceTree = BUILT_PRODUCTS_DIR;
		};
		66E423C1B3CDB3C4F21CFE2E /* DarkLightning.framework */ = {
			isa = PBXReferenceProxy;
			fileType = wrapper.framework;
			path = DarkLightning.framework;
			remoteRef = 5FBB2AC6A77C080261AF0537 /* PBXContainerItemProxy */;
			sourceTree = BUILT_PRODUCTS_DIR;
		};
		C4938C8BCBDA2C5B667C7F7E /* DarkLightning.framework */ = {
			isa = PBXReferenceProxy;
			fileType = wrapper.framework;
			path = DarkLightning.framework;
			remoteRef = A7191A1B9CC1A54C95812A43 /* PBXContainerItemProxy */;
			sourceTree = BUILT_PRODUCTS_DIR;
		};
/* End PBXReferenceProxy section */

/* Begin PBXResourcesBuildPhase section */
		925BFF4219A468AA4B253CBF /* Resources */ = {
			isa = PBXResourcesBuildPhase;
			buildActionMask = 2147483647;
			files = (
				6531FDFE64A4562B3DF34F16 /* MainMenu.xib in Resources */,
			);
			runOnlyForDeploymentPostprocessing = 0;
		};
/* End PBXResourcesBuildPhase section */

/* Begin PBXSourcesBuildPhase section */
		17C91E78F8DC956069F70D18 /* Sources */ = {
			isa = PBXSourcesBuildPhase;
			buildActionMask = 2147483647;
			files = (
				0C9A423BB5E30406508D820B /* AppDelegate.m in Sources */,
				99B469D0ABBB1FCE375CD729 /* JMConcreteRootViewModel.m in Sources */,
				05C098E67A2FD167E4DF44B7 /* JMRootView.m in Sources */,
				8891CBCBD1F25F449662F193 /* JMRootViewController.m in Sources */,
				DC1A0CC3D32747D28ED74A00 /* main.m in Sources */,
			);
			runOnlyForDeploymentPostprocessing = 0;
		};
/* End PBXSourcesBuildPhase section */

/* Begin PBXTargetDependency section */
		7A5B572ACE5C294FE1E5B7D2 /* PBXTargetDependency */ = {
			isa = PBXTargetDependency;
			name = OSX;
			targetProxy = 2101827531569C1FBCD6860D /* PBXContainerItemProxy */;
		};
/* End PBXTargetDependency section */

/* Begin XCBuildConfiguration section */
		29C12B1F94D76D15F1AD5C4A /* Debug */ = {
			isa = XCBuildConfiguration;
			baseConfigurationReference = 15CA1F304D5D9215AFBB8388 /* debug.xcconfig */;
			buildSettings = {
			};
			name = Debug;
		};
		808B3475F6946AAB5E832B28 /* Release */ = {
			isa = XCBuildConfiguration;
			baseConfigurationReference = 927E374E398EE576CC936CE8 /* release.xcconfig */;
			buildSettings = {
			};
			name = Release;
		};
		9117A8CE42447FA290575D25 /* Debug */ = {
			isa = XCBuildConfiguration;
			baseConfigurationReference = C0E538244A3896DF38731291 /* debug.xcconfig */;
			buildSettings = {
			};
			name = Debug;
		};
		E6217D3A444E84EE285CD437 /* Release */ = {
			isa = XCBuildConfiguration;
			baseConfigurationReference = 92B40AD70F62AD1E1D75D5CF /* release.xcconfig */;
			buildSettings = {
			};
			name = Release;
		};
/* End XCBuildConfiguration section */

/* Begin XCConfigurationList section */
		0FFB78851D6C23A14757803D /* Build configuration list for PBXNativeTarget "OSX" */ = {
			isa = XCConfigurationList;
			buildConfigurations = (
				808B3475F6946AAB5E832B28 /* Release */,
				29C12B1F94D76D15F1AD5C4A /* Debug */,
			);
			defaultConfigurationIsVisible = 0;
			defaultConfigurationName = Release;
		};
		472B824B860B6349C99D5668 /* Build configuration list for PBXProject "OSX" */ = {
			isa = XCConfigurationList;
			buildConfigurations = (
				9117A8CE42447FA290575D25 /* Debug */,
				E6217D3A444E84EE285CD437 /* Release */,
			);
			defaultConfigurationIsVisible = 0;
			defaultConfigurationName = Release;
		};
/* End XCConfigurationList section */
	};
	rootObject = A71D10837D7E9ABBCEA891FB /* Project object */;
}
