// !$*UTF8*$!
{
	archiveVersion = 1;
	classes = {
	};
	objectVersion = 46;
	objects = {

/* Begin PBXBuildFile section */
		571A20EDD969E3B514AF48D0 /* Cocoa.framework in Frameworks */ = {isa = PBXBuildFile; fileRef = 55A48E6939A760F66040891B /* Cocoa.framework */; };
		689FE261AFFC83550B94C7BC /* RootViewDelegate.swift in Sources */ = {isa = PBXBuildFile; fileRef = 65ECB4084A2B44B6AB7A77AC /* RootViewDelegate.swift */; };
		B4CCE5B41ECB51ED00E44C98 /* DarkLightning.framework in Frameworks */ = {isa = PBXBuildFile; fileRef = B4CCE5AF1ECB51DE00E44C98 /* DarkLightning.framework */; };
		B4CCE5B51ECB51ED00E44C98 /* DarkLightning.framework in Embed Frameworks */ = {isa = PBXBuildFile; fileRef = B4CCE5AF1ECB51DE00E44C98 /* DarkLightning.framework */; settings = {ATTRIBUTES = (CodeSignOnCopy, RemoveHeadersOnCopy, ); }; };
		BC3C4AA60DE0C87B3CBE2E78 /* AppDelegate.swift in Sources */ = {isa = PBXBuildFile; fileRef = 5E3674D69565F1EFEEA5F2E4 /* AppDelegate.swift */; };
		BCCB3FAF904CCFC3D5AF1333 /* MainMenu.xib in Resources */ = {isa = PBXBuildFile; fileRef = 495F4B8F7469BEBA61DFFB95 /* MainMenu.xib */; };
		BE96047FB223D90E0E084C4B /* Assets.xcassets in Resources */ = {isa = PBXBuildFile; fileRef = 32CB27E02889AABCCC426F9C /* Assets.xcassets */; };
		D7367102ECC5C088D6F59B7B /* RootView.swift in Sources */ = {isa = PBXBuildFile; fileRef = D74352205EEB23AC6DD557BC /* RootView.swift */; };
		FF85BD543AD26D023F3C157C /* RootViewController.swift in Sources */ = {isa = PBXBuildFile; fileRef = D32395F5040E8A05D0A27449 /* RootViewController.swift */; };
/* End PBXBuildFile section */

/* Begin PBXContainerItemProxy section */
		73C449930B51938A4ED10972 /* PBXContainerItemProxy */ = {
			isa = PBXContainerItemProxy;
			containerPortal = 98C34632B18931D264CB9626 /* DarkLightning.xcodeproj */;
			proxyType = 1;
			remoteGlobalIDString = 62AFD051A581325F8F7B8152;
			remoteInfo = OSX;
		};
		B4CCE5AC1ECB51DE00E44C98 /* PBXContainerItemProxy */ = {
			isa = PBXContainerItemProxy;
			containerPortal = 98C34632B18931D264CB9626 /* DarkLightning.xcodeproj */;
			proxyType = 2;
			remoteGlobalIDString = 99611684723BCA374D291E65;
			remoteInfo = iOS;
		};
		B4CCE5AE1ECB51DE00E44C98 /* PBXContainerItemProxy */ = {
			isa = PBXContainerItemProxy;
			containerPortal = 98C34632B18931D264CB9626 /* DarkLightning.xcodeproj */;
			proxyType = 2;
			remoteGlobalIDString = FB3FEF581B0A0B97C24E1829;
			remoteInfo = OSX;
		};
		B4CCE5B01ECB51DE00E44C98 /* PBXContainerItemProxy */ = {
			isa = PBXContainerItemProxy;
			containerPortal = 98C34632B18931D264CB9626 /* DarkLightning.xcodeproj */;
			proxyType = 2;
			remoteGlobalIDString = 8E1B43C81F5027CBCBC5B4E9;
			remoteInfo = Tests;
		};
		B4CCE5B21ECB51DE00E44C98 /* PBXContainerItemProxy */ = {
			isa = PBXContainerItemProxy;
			containerPortal = 98C34632B18931D264CB9626 /* DarkLightning.xcodeproj */;
			proxyType = 2;
			remoteGlobalIDString = 91928CBCE1744FA0CAD337B0;
			remoteInfo = tvOS;
		};
		B4CCE5B61ECB51ED00E44C98 /* PBXContainerItemProxy */ = {
			isa = PBXContainerItemProxy;
			containerPortal = 98C34632B18931D264CB9626 /* DarkLightning.xcodeproj */;
			proxyType = 1;
			remoteGlobalIDString = 62AFD051A581325F8F7B8152;
			remoteInfo = OSX;
		};
/* End PBXContainerItemProxy section */

/* Begin PBXCopyFilesBuildPhase section */
		B4CCE5B81ECB51ED00E44C98 /* Embed Frameworks */ = {
			isa = PBXCopyFilesBuildPhase;
			buildActionMask = 2147483647;
			dstPath = "";
			dstSubfolderSpec = 10;
			files = (
				B4CCE5B51ECB51ED00E44C98 /* DarkLightning.framework in Embed Frameworks */,
			);
			name = "Embed Frameworks";
			runOnlyForDeploymentPostprocessing = 0;
		};
/* End PBXCopyFilesBuildPhase section */

/* Begin PBXFileReference section */
		0A7E1998B24C3F77D15C344D /* Info.plist */ = {isa = PBXFileReference; includeInIndex = 1; lastKnownFileType = text.plist.xml; path = Info.plist; sourceTree = "<group>"; };
		0F419588E991F9CC9C8C388F /* Debug.xcconfig */ = {isa = PBXFileReference; includeInIndex = 1; lastKnownFileType = text.xcconfig; path = Debug.xcconfig; sourceTree = "<group>"; };
		32CB27E02889AABCCC426F9C /* Assets.xcassets */ = {isa = PBXFileReference; includeInIndex = 1; lastKnownFileType = folder.assetcatalog; path = Assets.xcassets; sourceTree = "<group>"; };
		4BCEABF922407099AAF3D36D /* Release.xcconfig */ = {isa = PBXFileReference; includeInIndex = 1; lastKnownFileType = text.xcconfig; path = Release.xcconfig; sourceTree = "<group>"; };
		4D54B4CCB3F5EA6C07D3E10B /* Release.xcconfig */ = {isa = PBXFileReference; includeInIndex = 1; lastKnownFileType = text.xcconfig; path = Release.xcconfig; sourceTree = "<group>"; };
		55A48E6939A760F66040891B /* Cocoa.framework */ = {isa = PBXFileReference; lastKnownFileType = wrapper.framework; name = Cocoa.framework; path = Platforms/MacOSX.platform/Developer/SDKs/MacOSX10.12.sdk/System/Library/Frameworks/Cocoa.framework; sourceTree = DEVELOPER_DIR; };
		5E3674D69565F1EFEEA5F2E4 /* AppDelegate.swift */ = {isa = PBXFileReference; includeInIndex = 1; lastKnownFileType = sourcecode.swift; path = AppDelegate.swift; sourceTree = "<group>"; };
		65ECB4084A2B44B6AB7A77AC /* RootViewDelegate.swift */ = {isa = PBXFileReference; includeInIndex = 1; lastKnownFileType = sourcecode.swift; path = RootViewDelegate.swift; sourceTree = "<group>"; };
		710AED44701C07CF62D873B0 /* MainMenu.xib */ = {isa = PBXFileReference; includeInIndex = 1; lastKnownFileType = file.xib; name = MainMenu.xib; path = Base.lproj/MainMenu.xib; sourceTree = "<group>"; };
		98C34632B18931D264CB9626 /* DarkLightning.xcodeproj */ = {isa = PBXFileReference; lastKnownFileType = "wrapper.pb-project"; name = DarkLightning.xcodeproj; path = ../../../DarkLightning.xcodeproj; sourceTree = "<group>"; };
		D32395F5040E8A05D0A27449 /* RootViewController.swift */ = {isa = PBXFileReference; includeInIndex = 1; lastKnownFileType = sourcecode.swift; path = RootViewController.swift; sourceTree = "<group>"; };
		D74352205EEB23AC6DD557BC /* RootView.swift */ = {isa = PBXFileReference; includeInIndex = 1; lastKnownFileType = sourcecode.swift; path = RootView.swift; sourceTree = "<group>"; };
		DA33D5A1047793884CAAD25A /* OSX.app */ = {isa = PBXFileReference; explicitFileType = wrapper.application; includeInIndex = 0; path = OSX.app; sourceTree = BUILT_PRODUCTS_DIR; };
		EBC493DAA4D740D56AD13A9D /* Debug.xcconfig */ = {isa = PBXFileReference; includeInIndex = 1; lastKnownFileType = text.xcconfig; path = Debug.xcconfig; sourceTree = "<group>"; };
/* End PBXFileReference section */

/* Begin PBXFrameworksBuildPhase section */
		8ED913E63025A9096B28F779 /* Frameworks */ = {
			isa = PBXFrameworksBuildPhase;
			buildActionMask = 2147483647;
			files = (
				571A20EDD969E3B514AF48D0 /* Cocoa.framework in Frameworks */,
				B4CCE5B41ECB51ED00E44C98 /* DarkLightning.framework in Frameworks */,
			);
			runOnlyForDeploymentPostprocessing = 0;
		};
/* End PBXFrameworksBuildPhase section */

/* Begin PBXGroup section */
		00D9C4B1C1B9D6B7D8A1B643 /* Frameworks */ = {
			isa = PBXGroup;
			children = (
				98C34632B18931D264CB9626 /* DarkLightning.xcodeproj */,
				9EFD319646C55FA60559D6FB /* OS X */,
			);
			name = Frameworks;
			sourceTree = "<group>";
		};
		20D9FAF808EEF7100204ECE2 = {
			isa = PBXGroup;
			children = (
				00D9C4B1C1B9D6B7D8A1B643 /* Frameworks */,
				9574022A698619FC9DF154A3 /* Products */,
				4E4051FE9C70069D33B1F74B /* Resources */,
				CBDA03CFD1A060FE68E266B3 /* Sources */,
				38A76E88225EC1A9AB1C8E74 /* Support */,
			);
			sourceTree = "<group>";
		};
		38A76E88225EC1A9AB1C8E74 /* Support */ = {
			isa = PBXGroup;
			children = (
				0A7E1998B24C3F77D15C344D /* Info.plist */,
				B804CAAD20AA7F71B2145EDA /* OSX */,
				3A5816FDE2C3946AF727C8FF /* Project */,
			);
			path = Support;
			sourceTree = "<group>";
		};
		3A5816FDE2C3946AF727C8FF /* Project */ = {
			isa = PBXGroup;
			children = (
				0F419588E991F9CC9C8C388F /* Debug.xcconfig */,
				4BCEABF922407099AAF3D36D /* Release.xcconfig */,
			);
			path = Project;
			sourceTree = "<group>";
		};
		4E4051FE9C70069D33B1F74B /* Resources */ = {
			isa = PBXGroup;
			children = (
				32CB27E02889AABCCC426F9C /* Assets.xcassets */,
				495F4B8F7469BEBA61DFFB95 /* MainMenu.xib */,
			);
			path = Resources;
			sourceTree = "<group>";
		};
		7E4C4C92EC456B5C2AE5A8CE /* Products */ = {
			isa = PBXGroup;
			children = (
				B4CCE5AD1ECB51DE00E44C98 /* iOS.framework */,
				B4CCE5AF1ECB51DE00E44C98 /* DarkLightning.framework */,
				B4CCE5B11ECB51DE00E44C98 /* Tests.xctest */,
				B4CCE5B31ECB51DE00E44C98 /* tvOS.framework */,
			);
			name = Products;
			sourceTree = "<group>";
		};
		9574022A698619FC9DF154A3 /* Products */ = {
			isa = PBXGroup;
			children = (
				DA33D5A1047793884CAAD25A /* OSX.app */,
			);
			name = Products;
			sourceTree = "<group>";
		};
		9EFD319646C55FA60559D6FB /* OS X */ = {
			isa = PBXGroup;
			children = (
				55A48E6939A760F66040891B /* Cocoa.framework */,
			);
			name = "OS X";
			sourceTree = "<group>";
		};
		B804CAAD20AA7F71B2145EDA /* OSX */ = {
			isa = PBXGroup;
			children = (
				EBC493DAA4D740D56AD13A9D /* Debug.xcconfig */,
				4D54B4CCB3F5EA6C07D3E10B /* Release.xcconfig */,
			);
			path = OSX;
			sourceTree = "<group>";
		};
		CBDA03CFD1A060FE68E266B3 /* Sources */ = {
			isa = PBXGroup;
			children = (
				5E3674D69565F1EFEEA5F2E4 /* AppDelegate.swift */,
				D74352205EEB23AC6DD557BC /* RootView.swift */,
				D32395F5040E8A05D0A27449 /* RootViewController.swift */,
				65ECB4084A2B44B6AB7A77AC /* RootViewDelegate.swift */,
			);
			path = Sources;
			sourceTree = "<group>";
		};
/* End PBXGroup section */

/* Begin PBXNativeTarget section */
		E61BEFE659D5ED38D3EE91DB /* OSX */ = {
			isa = PBXNativeTarget;
			buildConfigurationList = C76856932336CD8744A22B7A /* Build configuration list for PBXNativeTarget "OSX" */;
			buildPhases = (
				19196B9EDD0B1CE5A73A9BC8 /* Sources */,
				8ED913E63025A9096B28F779 /* Frameworks */,
				6B7C9257150DD7ACF767A456 /* Resources */,
				B4CCE5B81ECB51ED00E44C98 /* Embed Frameworks */,
			);
			buildRules = (
			);
			dependencies = (
				564B7885AA69EF93CDDC23C1 /* PBXTargetDependency */,
				B4CCE5B71ECB51ED00E44C98 /* PBXTargetDependency */,
			);
			name = OSX;
			productName = OSX;
			productReference = DA33D5A1047793884CAAD25A /* OSX.app */;
			productType = "com.apple.product-type.application";
		};
/* End PBXNativeTarget section */

/* Begin PBXProject section */
		23480C2E90BBF43ABC26DF1D /* Project object */ = {
			isa = PBXProject;
			attributes = {
				LastSwiftUpdateCheck = 0730;
				LastUpgradeCheck = 0700;
			};
			buildConfigurationList = F1BF4C21C7DA03C44E25E320 /* Build configuration list for PBXProject "OSX" */;
			compatibilityVersion = "Xcode 3.2";
			developmentRegion = English;
			hasScannedForEncodings = 0;
			knownRegions = (
				en,
			);
			mainGroup = 20D9FAF808EEF7100204ECE2;
			productRefGroup = 9574022A698619FC9DF154A3 /* Products */;
			projectDirPath = "";
			projectReferences = (
				{
					ProductGroup = 7E4C4C92EC456B5C2AE5A8CE /* Products */;
					ProjectRef = 98C34632B18931D264CB9626 /* DarkLightning.xcodeproj */;
				},
			);
			projectRoot = "";
			targets = (
				E61BEFE659D5ED38D3EE91DB /* OSX */,
			);
		};
/* End PBXProject section */

/* Begin PBXReferenceProxy section */
		B4CCE5AD1ECB51DE00E44C98 /* iOS.framework */ = {
			isa = PBXReferenceProxy;
			fileType = wrapper.framework;
			name = iOS.framework;
			path = DarkLightning.framework;
			remoteRef = B4CCE5AC1ECB51DE00E44C98 /* PBXContainerItemProxy */;
			sourceTree = BUILT_PRODUCTS_DIR;
		};
		B4CCE5AF1ECB51DE00E44C98 /* DarkLightning.framework */ = {
			isa = PBXReferenceProxy;
			fileType = wrapper.framework;
			path = DarkLightning.framework;
			remoteRef = B4CCE5AE1ECB51DE00E44C98 /* PBXContainerItemProxy */;
			sourceTree = BUILT_PRODUCTS_DIR;
		};
		B4CCE5B11ECB51DE00E44C98 /* Tests.xctest */ = {
			isa = PBXReferenceProxy;
			fileType = wrapper.cfbundle;
			path = Tests.xctest;
			remoteRef = B4CCE5B01ECB51DE00E44C98 /* PBXContainerItemProxy */;
			sourceTree = BUILT_PRODUCTS_DIR;
		};
		B4CCE5B31ECB51DE00E44C98 /* tvOS.framework */ = {
			isa = PBXReferenceProxy;
			fileType = wrapper.framework;
			path = tvOS.framework;
			remoteRef = B4CCE5B21ECB51DE00E44C98 /* PBXContainerItemProxy */;
			sourceTree = BUILT_PRODUCTS_DIR;
		};
/* End PBXReferenceProxy section */

/* Begin PBXResourcesBuildPhase section */
		6B7C9257150DD7ACF767A456 /* Resources */ = {
			isa = PBXResourcesBuildPhase;
			buildActionMask = 2147483647;
			files = (
				BE96047FB223D90E0E084C4B /* Assets.xcassets in Resources */,
				BCCB3FAF904CCFC3D5AF1333 /* MainMenu.xib in Resources */,
			);
			runOnlyForDeploymentPostprocessing = 0;
		};
/* End PBXResourcesBuildPhase section */

/* Begin PBXSourcesBuildPhase section */
		19196B9EDD0B1CE5A73A9BC8 /* Sources */ = {
			isa = PBXSourcesBuildPhase;
			buildActionMask = 2147483647;
			files = (
				BC3C4AA60DE0C87B3CBE2E78 /* AppDelegate.swift in Sources */,
				D7367102ECC5C088D6F59B7B /* RootView.swift in Sources */,
				FF85BD543AD26D023F3C157C /* RootViewController.swift in Sources */,
				689FE261AFFC83550B94C7BC /* RootViewDelegate.swift in Sources */,
			);
			runOnlyForDeploymentPostprocessing = 0;
		};
/* End PBXSourcesBuildPhase section */

/* Begin PBXTargetDependency section */
		564B7885AA69EF93CDDC23C1 /* PBXTargetDependency */ = {
			isa = PBXTargetDependency;
			name = OSX;
			targetProxy = 73C449930B51938A4ED10972 /* PBXContainerItemProxy */;
		};
		B4CCE5B71ECB51ED00E44C98 /* PBXTargetDependency */ = {
			isa = PBXTargetDependency;
			name = OSX;
			targetProxy = B4CCE5B61ECB51ED00E44C98 /* PBXContainerItemProxy */;
		};
/* End PBXTargetDependency section */

/* Begin PBXVariantGroup section */
		495F4B8F7469BEBA61DFFB95 /* MainMenu.xib */ = {
			isa = PBXVariantGroup;
			children = (
				710AED44701C07CF62D873B0 /* MainMenu.xib */,
			);
			name = MainMenu.xib;
			sourceTree = "<group>";
		};
/* End PBXVariantGroup section */

/* Begin XCBuildConfiguration section */
		29BD48425DA7C285B47F1A5C /* Release */ = {
			isa = XCBuildConfiguration;
			baseConfigurationReference = 4D54B4CCB3F5EA6C07D3E10B /* Release.xcconfig */;
			buildSettings = {
				ALWAYS_EMBED_SWIFT_STANDARD_LIBRARIES = YES;
				LD_RUNPATH_SEARCH_PATHS = "$(inherited) @executable_path/../Frameworks";
			};
			name = Release;
		};
		7A923BD49AC6C900AB83BBC9 /* Debug */ = {
			isa = XCBuildConfiguration;
			baseConfigurationReference = EBC493DAA4D740D56AD13A9D /* Debug.xcconfig */;
			buildSettings = {
				ALWAYS_EMBED_SWIFT_STANDARD_LIBRARIES = YES;
				LD_RUNPATH_SEARCH_PATHS = "$(inherited) @executable_path/../Frameworks";
			};
			name = Debug;
		};
		8CDBAF05CB3E8B88CD9CE7F9 /* Debug */ = {
			isa = XCBuildConfiguration;
			baseConfigurationReference = 0F419588E991F9CC9C8C388F /* Debug.xcconfig */;
			buildSettings = {
			};
			name = Debug;
		};
		ECE96166CC8254D02A998F95 /* Release */ = {
			isa = XCBuildConfiguration;
			baseConfigurationReference = 4BCEABF922407099AAF3D36D /* Release.xcconfig */;
			buildSettings = {
			};
			name = Release;
		};
/* End XCBuildConfiguration section */

/* Begin XCConfigurationList section */
		C76856932336CD8744A22B7A /* Build configuration list for PBXNativeTarget "OSX" */ = {
			isa = XCConfigurationList;
			buildConfigurations = (
				29BD48425DA7C285B47F1A5C /* Release */,
				7A923BD49AC6C900AB83BBC9 /* Debug */,
			);
			defaultConfigurationIsVisible = 0;
			defaultConfigurationName = Release;
		};
		F1BF4C21C7DA03C44E25E320 /* Build configuration list for PBXProject "OSX" */ = {
			isa = XCConfigurationList;
			buildConfigurations = (
				8CDBAF05CB3E8B88CD9CE7F9 /* Debug */,
				ECE96166CC8254D02A998F95 /* Release */,
			);
			defaultConfigurationIsVisible = 0;
			defaultConfigurationName = Release;
		};
/* End XCConfigurationList section */
	};
	rootObject = 23480C2E90BBF43ABC26DF1D /* Project object */;
}
