// !$*UTF8*$!
{
	archiveVersion = 1;
	classes = {
	};
	objectVersion = 46;
	objects = {

/* Begin PBXBuildFile section */
<<<<<<< HEAD
		1D4E1907E7786860E9E019FF /* main.m in Sources */ = {isa = PBXBuildFile; fileRef = 483185111701707689D97C5F /* main.m */; };
		1EF4472A4D88B93C626B96BB /* JMConcreteRootViewModel.m in Sources */ = {isa = PBXBuildFile; fileRef = D2F1F38B182E945F37B10C25 /* JMConcreteRootViewModel.m */; };
		390B083D23BCC873B3E5BE12 /* Foundation.framework in Frameworks */ = {isa = PBXBuildFile; fileRef = 1BEC788E186FBD9C103F9397 /* Foundation.framework */; };
		6EDD7B4C0C57DEB0C68FB134 /* iOS.framework in CopyFiles */ = {isa = PBXBuildFile; fileRef = 1B3A5655D53CEA1B7B6C2866 /* iOS.framework */; settings = {ATTRIBUTES = (CodeSignOnCopy, ); }; };
		BD8740954B7FC82B47E6A2E0 /* AppDelegate.m in Sources */ = {isa = PBXBuildFile; fileRef = 13F388B5E3CF72E2CE91E0A6 /* AppDelegate.m */; };
		E5853AFB72C85260A387D04C /* JMRootView.m in Sources */ = {isa = PBXBuildFile; fileRef = 80CB54AFCE2B12FF71C8C899 /* JMRootView.m */; };
		F3D8E4587F45D71BA3FE5480 /* JMRootViewController.m in Sources */ = {isa = PBXBuildFile; fileRef = 2EBB779FAC48A34833033685 /* JMRootViewController.m */; };
=======
		05AFD24D8ABF1BB095698681 /* JMRootView.m in Sources */ = {isa = PBXBuildFile; fileRef = 2D9204707E0846A4C9825D40 /* JMRootView.m */; };
		0E5D05D71D303454E18A3FEA /* JMRootViewController.m in Sources */ = {isa = PBXBuildFile; fileRef = 088E54BF409D323F9627EF9B /* JMRootViewController.m */; };
		32B30309C594DF910F18DF6B /* Foundation.framework in Frameworks */ = {isa = PBXBuildFile; fileRef = 3D479904E53442FCAE7E15C7 /* Foundation.framework */; };
		7327265D05D6D4AD397CBB81 /* AppDelegate.m in Sources */ = {isa = PBXBuildFile; fileRef = 75EB0513D78469975767BE92 /* AppDelegate.m */; };
		B4E104931D55EB6700BEC408 /* iOS.framework in Frameworks */ = {isa = PBXBuildFile; fileRef = B4E1048C1D55EB5E00BEC408 /* iOS.framework */; };
		B4E104941D55EB6700BEC408 /* iOS.framework in Embed Frameworks */ = {isa = PBXBuildFile; fileRef = B4E1048C1D55EB5E00BEC408 /* iOS.framework */; settings = {ATTRIBUTES = (CodeSignOnCopy, RemoveHeadersOnCopy, ); }; };
		CC17F842F7FE2FB93DB6B95D /* JMConcreteRootViewModel.m in Sources */ = {isa = PBXBuildFile; fileRef = 82A378508A175756DBCE955E /* JMConcreteRootViewModel.m */; };
		D2DDF56DB7B4BBEAD1D5A7F8 /* main.m in Sources */ = {isa = PBXBuildFile; fileRef = AFCAEB8AF572D76A8B716BA9 /* main.m */; };
>>>>>>> develop
/* End PBXBuildFile section */

/* Begin PBXContainerItemProxy section */
		0D6113B238D67F3A5FC11AEF /* PBXContainerItemProxy */ = {
			isa = PBXContainerItemProxy;
			containerPortal = 8C8B5EA750351CBA790C0700 /* DarkLightning.xcodeproj */;
			proxyType = 2;
			remoteGlobalIDString = 7375253445E79CD237A0834B;
			remoteInfo = Subproject;
		};
		1046C58F6792DA88BA9E56A5 /* PBXContainerItemProxy */ = {
			isa = PBXContainerItemProxy;
			containerPortal = 8C8B5EA750351CBA790C0700 /* DarkLightning.xcodeproj */;
			proxyType = 2;
			remoteGlobalIDString = D14968942271D208CF802D45;
			remoteInfo = Subproject;
		};
		3321ED2F6CEDBBA2B91F924E /* PBXContainerItemProxy */ = {
			isa = PBXContainerItemProxy;
			containerPortal = 8C8B5EA750351CBA790C0700 /* DarkLightning.xcodeproj */;
			proxyType = 2;
			remoteGlobalIDString = 73FD6E15CE866C6447DA234A;
			remoteInfo = Subproject;
		};
		CDE906CA1EBDFF109491182B /* PBXContainerItemProxy */ = {
			isa = PBXContainerItemProxy;
			containerPortal = 8C8B5EA750351CBA790C0700 /* DarkLightning.xcodeproj */;
			proxyType = 1;
<<<<<<< HEAD
			remoteGlobalIDString = 42C0A70C42CD3F81F70F8727;
=======
			remoteGlobalIDString = 53F05FE98AE857E23410EB97;
>>>>>>> develop
			remoteInfo = iOS;
		};
		E4CA223B622D5CA4297EAF26 /* PBXContainerItemProxy */ = {
			isa = PBXContainerItemProxy;
<<<<<<< HEAD
			containerPortal = 8C8B5EA750351CBA790C0700 /* DarkLightning.xcodeproj */;
			proxyType = 2;
			remoteGlobalIDString = 14E1B4302F5627AE01623B73;
			remoteInfo = Subproject;
=======
			containerPortal = 44BF8FBA04D614C1272F2935 /* DarkLightning.xcodeproj */;
			proxyType = 1;
			remoteGlobalIDString = 53F05FE98AE857E23410EB97;
			remoteInfo = iOS;
>>>>>>> develop
		};
/* End PBXContainerItemProxy section */

/* Begin PBXCopyFilesBuildPhase section */
		B4C2500021746E5E90905397 /* CopyFiles */ = {
			isa = PBXCopyFilesBuildPhase;
			buildActionMask = 2147483647;
			dstPath = "";
			dstSubfolderSpec = 10;
			files = (
<<<<<<< HEAD
				6EDD7B4C0C57DEB0C68FB134 /* iOS.framework in CopyFiles */,
=======
				B4E104941D55EB6700BEC408 /* iOS.framework in Embed Frameworks */,
>>>>>>> develop
			);
			runOnlyForDeploymentPostprocessing = 0;
		};
/* End PBXCopyFilesBuildPhase section */

/* Begin PBXFileReference section */
		038FC27FAB83BD961B78A3DC /* JMRootViewController.h */ = {isa = PBXFileReference; includeInIndex = 1; lastKnownFileType = sourcecode.c.h; path = JMRootViewController.h; sourceTree = "<group>"; };
		0BE592CD7248E66B8793E7E8 /* debug.xcconfig */ = {isa = PBXFileReference; includeInIndex = 1; lastKnownFileType = text.xcconfig; path = debug.xcconfig; sourceTree = "<group>"; };
		13F388B5E3CF72E2CE91E0A6 /* AppDelegate.m */ = {isa = PBXFileReference; includeInIndex = 1; lastKnownFileType = sourcecode.c.objc; path = AppDelegate.m; sourceTree = "<group>"; };
		1BEC788E186FBD9C103F9397 /* Foundation.framework */ = {isa = PBXFileReference; lastKnownFileType = wrapper.framework; name = Foundation.framework; path = Platforms/iPhoneOS.platform/Developer/SDKs/iPhoneOS9.2.sdk/System/Library/Frameworks/Foundation.framework; sourceTree = DEVELOPER_DIR; };
		24A8A8FF3599100FF420E8C6 /* debug.xcconfig */ = {isa = PBXFileReference; includeInIndex = 1; lastKnownFileType = text.xcconfig; path = debug.xcconfig; sourceTree = "<group>"; };
		24ED69FEA77C6D9EEF4ED78D /* iOS.app */ = {isa = PBXFileReference; explicitFileType = wrapper.application; includeInIndex = 0; name = iOS.app; path = Messenger.app; sourceTree = BUILT_PRODUCTS_DIR; };
		294C53364C3DF36BC3B7E38A /* Shared.xcconfig */ = {isa = PBXFileReference; includeInIndex = 1; lastKnownFileType = text.xcconfig; path = Shared.xcconfig; sourceTree = "<group>"; };
		2EBB779FAC48A34833033685 /* JMRootViewController.m */ = {isa = PBXFileReference; includeInIndex = 1; lastKnownFileType = sourcecode.c.objc; path = JMRootViewController.m; sourceTree = "<group>"; };
		483185111701707689D97C5F /* main.m */ = {isa = PBXFileReference; includeInIndex = 1; lastKnownFileType = sourcecode.c.objc; path = main.m; sourceTree = "<group>"; };
		80CB54AFCE2B12FF71C8C899 /* JMRootView.m */ = {isa = PBXFileReference; includeInIndex = 1; lastKnownFileType = sourcecode.c.objc; path = JMRootView.m; sourceTree = "<group>"; };
		846B0ECF6E4754627C417B1D /* AppDelegate.h */ = {isa = PBXFileReference; includeInIndex = 1; lastKnownFileType = sourcecode.c.h; path = AppDelegate.h; sourceTree = "<group>"; };
		8684A7292607C363E1058649 /* release.xcconfig */ = {isa = PBXFileReference; includeInIndex = 1; lastKnownFileType = text.xcconfig; path = release.xcconfig; sourceTree = "<group>"; };
		8C8B5EA750351CBA790C0700 /* DarkLightning.xcodeproj */ = {isa = PBXFileReference; lastKnownFileType = "wrapper.pb-project"; name = DarkLightning.xcodeproj; path = ../../../DarkLightning.xcodeproj; sourceTree = "<group>"; };
		9E7ACD2F4A0A47D2E5B0A591 /* JMConcreteRootViewModel.h */ = {isa = PBXFileReference; includeInIndex = 1; lastKnownFileType = sourcecode.c.h; path = JMConcreteRootViewModel.h; sourceTree = "<group>"; };
		A96982A20087E396EB18421A /* JMRootView.h */ = {isa = PBXFileReference; includeInIndex = 1; lastKnownFileType = sourcecode.c.h; path = JMRootView.h; sourceTree = "<group>"; };
		D2F1F38B182E945F37B10C25 /* JMConcreteRootViewModel.m */ = {isa = PBXFileReference; includeInIndex = 1; lastKnownFileType = sourcecode.c.objc; path = JMConcreteRootViewModel.m; sourceTree = "<group>"; };
		D9ED7304C13E531C00EB1356 /* Info.plist */ = {isa = PBXFileReference; includeInIndex = 1; lastKnownFileType = text.plist.xml; path = Info.plist; sourceTree = "<group>"; };
		E29CC3AA3B70C73BB6B1CD32 /* iOS.xcconfig */ = {isa = PBXFileReference; includeInIndex = 1; lastKnownFileType = text.xcconfig; path = iOS.xcconfig; sourceTree = "<group>"; };
		E96B6661476F1FD21C7569B2 /* JMRootViewModel.h */ = {isa = PBXFileReference; includeInIndex = 1; lastKnownFileType = sourcecode.c.h; path = JMRootViewModel.h; sourceTree = "<group>"; };
		FD2DEDAA67AD40F4B87622E3 /* release.xcconfig */ = {isa = PBXFileReference; includeInIndex = 1; lastKnownFileType = text.xcconfig; path = release.xcconfig; sourceTree = "<group>"; };
/* End PBXFileReference section */

/* Begin PBXFrameworksBuildPhase section */
		F1163C17476BF896E5955772 /* Frameworks */ = {
			isa = PBXFrameworksBuildPhase;
			buildActionMask = 2147483647;
			files = (
<<<<<<< HEAD
				390B083D23BCC873B3E5BE12 /* Foundation.framework in Frameworks */,
=======
				32B30309C594DF910F18DF6B /* Foundation.framework in Frameworks */,
				B4E104931D55EB6700BEC408 /* iOS.framework in Frameworks */,
>>>>>>> develop
			);
			runOnlyForDeploymentPostprocessing = 0;
		};
/* End PBXFrameworksBuildPhase section */

/* Begin PBXGroup section */
		162C1EF3C35560B4B9B47217 /* Supporting Files */ = {
			isa = PBXGroup;
			children = (
				483185111701707689D97C5F /* main.m */,
			);
			path = "Supporting Files";
			sourceTree = "<group>";
		};
		40BB2B2A225947B30D12A6CE /* Shared */ = {
			isa = PBXGroup;
			children = (
<<<<<<< HEAD
				24A8A8FF3599100FF420E8C6 /* debug.xcconfig */,
				8684A7292607C363E1058649 /* release.xcconfig */,
				294C53364C3DF36BC3B7E38A /* Shared.xcconfig */,
=======
				B4E1048C1D55EB5E00BEC408 /* iOS.framework */,
				B4E1048E1D55EB5E00BEC408 /* DarkLightning.framework */,
				B4E104901D55EB5E00BEC408 /* OSX-Tests.xctest */,
				B4E104921D55EB5E00BEC408 /* DarkLightning.framework */,
>>>>>>> develop
			);
			path = Shared;
			sourceTree = "<group>";
		};
		6061D128C23CB5618917B78F = {
			isa = PBXGroup;
			children = (
				6933E625BBD69B7B9E7C50E3 /* Configuration */,
				C9281B622E0C684569D94259 /* Frameworks */,
				B8C3DB439C1F9FF6AEBC1C55 /* Products */,
				8D3D7D97CD6E0044B7532D1F /* Source */,
			);
			sourceTree = "<group>";
		};
		6933E625BBD69B7B9E7C50E3 /* Configuration */ = {
			isa = PBXGroup;
			children = (
				CD0D9EC6AB243E7ED00CF696 /* iOS */,
				40BB2B2A225947B30D12A6CE /* Shared */,
			);
			path = Configuration;
			sourceTree = "<group>";
		};
		8D3D7D97CD6E0044B7532D1F /* Source */ = {
			isa = PBXGroup;
			children = (
				846B0ECF6E4754627C417B1D /* AppDelegate.h */,
				13F388B5E3CF72E2CE91E0A6 /* AppDelegate.m */,
				E93BFC5C06A70096D6EB86C5 /* Root */,
				162C1EF3C35560B4B9B47217 /* Supporting Files */,
			);
			path = Source;
			sourceTree = "<group>";
		};
		A50B3F170EE462E332214695 /* Products */ = {
			isa = PBXGroup;
			children = (
				1B3A5655D53CEA1B7B6C2866 /* iOS.framework */,
				4855597FB41D4908B3BB6095 /* DarkLightning.framework */,
				EBC359A9A3F4A75D200C7345 /* DarkLightning.xctest */,
				3A8FC1975B22000507F80B40 /* DarkLightning.framework */,
			);
			name = Products;
			sourceTree = "<group>";
		};
		B8C3DB439C1F9FF6AEBC1C55 /* Products */ = {
			isa = PBXGroup;
			children = (
				24ED69FEA77C6D9EEF4ED78D /* iOS.app */,
			);
			name = Products;
			sourceTree = "<group>";
		};
		BFD9E79A6C2289817DB851D5 /* iOS */ = {
			isa = PBXGroup;
			children = (
				1BEC788E186FBD9C103F9397 /* Foundation.framework */,
			);
			name = iOS;
			sourceTree = "<group>";
		};
		C9281B622E0C684569D94259 /* Frameworks */ = {
			isa = PBXGroup;
			children = (
				8C8B5EA750351CBA790C0700 /* DarkLightning.xcodeproj */,
				BFD9E79A6C2289817DB851D5 /* iOS */,
			);
			name = Frameworks;
			sourceTree = "<group>";
		};
		CD0D9EC6AB243E7ED00CF696 /* iOS */ = {
			isa = PBXGroup;
			children = (
				0BE592CD7248E66B8793E7E8 /* debug.xcconfig */,
				D9ED7304C13E531C00EB1356 /* Info.plist */,
				E29CC3AA3B70C73BB6B1CD32 /* iOS.xcconfig */,
				FD2DEDAA67AD40F4B87622E3 /* release.xcconfig */,
			);
			path = iOS;
			sourceTree = "<group>";
		};
		E93BFC5C06A70096D6EB86C5 /* Root */ = {
			isa = PBXGroup;
			children = (
				9E7ACD2F4A0A47D2E5B0A591 /* JMConcreteRootViewModel.h */,
				D2F1F38B182E945F37B10C25 /* JMConcreteRootViewModel.m */,
				A96982A20087E396EB18421A /* JMRootView.h */,
				80CB54AFCE2B12FF71C8C899 /* JMRootView.m */,
				038FC27FAB83BD961B78A3DC /* JMRootViewController.h */,
				2EBB779FAC48A34833033685 /* JMRootViewController.m */,
				E96B6661476F1FD21C7569B2 /* JMRootViewModel.h */,
			);
			path = Root;
			sourceTree = "<group>";
		};
/* End PBXGroup section */

/* Begin PBXNativeTarget section */
		FEEE1C1893B2005B33A7D6A3 /* iOS */ = {
			isa = PBXNativeTarget;
			buildConfigurationList = DCAB4A77F24444A278B7145C /* Build configuration list for PBXNativeTarget "iOS" */;
			buildPhases = (
				A5FB8DB87E67ED9076CA9551 /* Sources */,
				F1163C17476BF896E5955772 /* Frameworks */,
				B4C2500021746E5E90905397 /* CopyFiles */,
			);
			buildRules = (
			);
			dependencies = (
				559FD6B87E52831314AEEA84 /* PBXTargetDependency */,
			);
			name = iOS;
			productName = iOS;
			productReference = 24ED69FEA77C6D9EEF4ED78D /* iOS.app */;
			productType = "com.apple.product-type.application";
		};
/* End PBXNativeTarget section */

/* Begin PBXProject section */
		F5128AB0803F59672918C851 /* Project object */ = {
			isa = PBXProject;
			attributes = {
				LastSwiftUpdateCheck = 0720;
				LastUpgradeCheck = 0700;
				TargetAttributes = {
					5753E862BE3B7485AD8FDB4D = {
						DevelopmentTeam = 85B58L94GF;
					};
				};
			};
			buildConfigurationList = 00B39D4DE2A683B0EF90E5CA /* Build configuration list for PBXProject "iOS" */;
			compatibilityVersion = "Xcode 3.2";
			developmentRegion = English;
			hasScannedForEncodings = 0;
			knownRegions = (
				en,
			);
			mainGroup = 6061D128C23CB5618917B78F;
			productRefGroup = B8C3DB439C1F9FF6AEBC1C55 /* Products */;
			projectDirPath = "";
			projectReferences = (
				{
					ProductGroup = A50B3F170EE462E332214695 /* Products */;
					ProjectRef = 8C8B5EA750351CBA790C0700 /* DarkLightning.xcodeproj */;
				},
			);
			projectRoot = "";
			targets = (
				FEEE1C1893B2005B33A7D6A3 /* iOS */,
			);
		};
/* End PBXProject section */

/* Begin PBXReferenceProxy section */
<<<<<<< HEAD
		1B3A5655D53CEA1B7B6C2866 /* iOS.framework */ = {
=======
		B4E1048C1D55EB5E00BEC408 /* iOS.framework */ = {
>>>>>>> develop
			isa = PBXReferenceProxy;
			fileType = wrapper.framework;
			name = iOS.framework;
			path = DarkLightning.framework;
			remoteRef = 0D6113B238D67F3A5FC11AEF /* PBXContainerItemProxy */;
			sourceTree = BUILT_PRODUCTS_DIR;
		};
		3A8FC1975B22000507F80B40 /* DarkLightning.framework */ = {
			isa = PBXReferenceProxy;
			fileType = wrapper.framework;
<<<<<<< HEAD
			name = tvOS.framework;
=======
			name = OSX.framework;
>>>>>>> develop
			path = DarkLightning.framework;
			remoteRef = 1046C58F6792DA88BA9E56A5 /* PBXContainerItemProxy */;
			sourceTree = BUILT_PRODUCTS_DIR;
		};
		4855597FB41D4908B3BB6095 /* DarkLightning.framework */ = {
			isa = PBXReferenceProxy;
<<<<<<< HEAD
			fileType = wrapper.framework;
			name = OSX.framework;
			path = DarkLightning.framework;
			remoteRef = E4CA223B622D5CA4297EAF26 /* PBXContainerItemProxy */;
=======
			fileType = wrapper.cfbundle;
			name = "OSX-Tests.xctest";
			path = DarkLightningTests.xctest;
			remoteRef = B4E1048F1D55EB5E00BEC408 /* PBXContainerItemProxy */;
>>>>>>> develop
			sourceTree = BUILT_PRODUCTS_DIR;
		};
		EBC359A9A3F4A75D200C7345 /* DarkLightning.xctest */ = {
			isa = PBXReferenceProxy;
<<<<<<< HEAD
			fileType = wrapper.cfbundle;
			name = "OSX-Tests.xctest";
			path = DarkLightning.xctest;
			remoteRef = 3321ED2F6CEDBBA2B91F924E /* PBXContainerItemProxy */;
=======
			fileType = wrapper.framework;
			name = tvOS.framework;
			path = DarkLightning.framework;
			remoteRef = B4E104911D55EB5E00BEC408 /* PBXContainerItemProxy */;
>>>>>>> develop
			sourceTree = BUILT_PRODUCTS_DIR;
		};
/* End PBXReferenceProxy section */

/* Begin PBXSourcesBuildPhase section */
		A5FB8DB87E67ED9076CA9551 /* Sources */ = {
			isa = PBXSourcesBuildPhase;
			buildActionMask = 2147483647;
			files = (
				BD8740954B7FC82B47E6A2E0 /* AppDelegate.m in Sources */,
				1EF4472A4D88B93C626B96BB /* JMConcreteRootViewModel.m in Sources */,
				E5853AFB72C85260A387D04C /* JMRootView.m in Sources */,
				F3D8E4587F45D71BA3FE5480 /* JMRootViewController.m in Sources */,
				1D4E1907E7786860E9E019FF /* main.m in Sources */,
			);
			runOnlyForDeploymentPostprocessing = 0;
		};
/* End PBXSourcesBuildPhase section */

/* Begin PBXTargetDependency section */
		559FD6B87E52831314AEEA84 /* PBXTargetDependency */ = {
			isa = PBXTargetDependency;
			name = iOS;
			targetProxy = CDE906CA1EBDFF109491182B /* PBXContainerItemProxy */;
		};
/* End PBXTargetDependency section */

/* Begin XCBuildConfiguration section */
		45CF0788525B8C9EBD654369 /* Debug */ = {
			isa = XCBuildConfiguration;
			baseConfigurationReference = 0BE592CD7248E66B8793E7E8 /* debug.xcconfig */;
			buildSettings = {
<<<<<<< HEAD
=======
				CODE_SIGN_IDENTITY = "iPhone Developer";
				"CODE_SIGN_IDENTITY[sdk=iphoneos*]" = "iPhone Developer";
				LD_RUNPATH_SEARCH_PATHS = "$(inherited) @executable_path/Frameworks";
				PROVISIONING_PROFILE = "";
>>>>>>> develop
			};
			name = Debug;
		};
		72ECAB92B962E90A70E1006B /* Release */ = {
			isa = XCBuildConfiguration;
			baseConfigurationReference = 8684A7292607C363E1058649 /* release.xcconfig */;
			buildSettings = {
			};
			name = Release;
		};
		9C881F033C7F43595CADCE1D /* Release */ = {
			isa = XCBuildConfiguration;
			baseConfigurationReference = FD2DEDAA67AD40F4B87622E3 /* release.xcconfig */;
			buildSettings = {
<<<<<<< HEAD
=======
				CODE_SIGN_IDENTITY = "iPhone Developer";
				"CODE_SIGN_IDENTITY[sdk=iphoneos*]" = "iPhone Developer";
				LD_RUNPATH_SEARCH_PATHS = "$(inherited) @executable_path/Frameworks";
				PROVISIONING_PROFILE = "";
>>>>>>> develop
			};
			name = Release;
		};
		C7FD9AC4B2140B6C511C384C /* Debug */ = {
			isa = XCBuildConfiguration;
			baseConfigurationReference = 24A8A8FF3599100FF420E8C6 /* debug.xcconfig */;
			buildSettings = {
			};
			name = Debug;
		};
/* End XCBuildConfiguration section */

/* Begin XCConfigurationList section */
		00B39D4DE2A683B0EF90E5CA /* Build configuration list for PBXProject "iOS" */ = {
			isa = XCConfigurationList;
			buildConfigurations = (
				C7FD9AC4B2140B6C511C384C /* Debug */,
				72ECAB92B962E90A70E1006B /* Release */,
			);
			defaultConfigurationIsVisible = 0;
			defaultConfigurationName = Release;
		};
		DCAB4A77F24444A278B7145C /* Build configuration list for PBXNativeTarget "iOS" */ = {
			isa = XCConfigurationList;
			buildConfigurations = (
				9C881F033C7F43595CADCE1D /* Release */,
				45CF0788525B8C9EBD654369 /* Debug */,
			);
			defaultConfigurationIsVisible = 0;
			defaultConfigurationName = Release;
		};
/* End XCConfigurationList section */
	};
	rootObject = F5128AB0803F59672918C851 /* Project object */;
}
